// !$*UTF8*$!
{
	archiveVersion = 1;
	classes = {
	};
	objectVersion = 46;
	objects = {

/* Begin PBXBuildFile section */
		8197CF5C1D0E4CB70032E189 /* main.m in Sources */ = {isa = PBXBuildFile; fileRef = 8197CF5B1D0E4CB70032E189 /* main.m */; };
		8197CF5F1D0E4CB70032E189 /* AppDelegate.m in Sources */ = {isa = PBXBuildFile; fileRef = 8197CF5E1D0E4CB70032E189 /* AppDelegate.m */; };
		8197CF621D0E4CB70032E189 /* ViewController.m in Sources */ = {isa = PBXBuildFile; fileRef = 8197CF611D0E4CB70032E189 /* ViewController.m */; };
		8197CF651D0E4CB70032E189 /* Main.storyboard in Resources */ = {isa = PBXBuildFile; fileRef = 8197CF631D0E4CB70032E189 /* Main.storyboard */; };
		8197CF671D0E4CB70032E189 /* Assets.xcassets in Resources */ = {isa = PBXBuildFile; fileRef = 8197CF661D0E4CB70032E189 /* Assets.xcassets */; };
		8197CF6A1D0E4CB70032E189 /* LaunchScreen.storyboard in Resources */ = {isa = PBXBuildFile; fileRef = 8197CF681D0E4CB70032E189 /* LaunchScreen.storyboard */; };
		8197CF841D0E4D800032E189 /* SystemConfiguration.framework in Frameworks */ = {isa = PBXBuildFile; fileRef = 8197CF831D0E4D800032E189 /* SystemConfiguration.framework */; };
		8197CF8A1D0E4E1A0032E189 /* AdSupport.framework in Frameworks */ = {isa = PBXBuildFile; fileRef = 8197CF811D0E4D740032E189 /* AdSupport.framework */; };
		F7050C981E8919AE00C0FC33 /* libDACAdsSDK.a in Frameworks */ = {isa = PBXBuildFile; fileRef = F7050C941E8919AE00C0FC33 /* libDACAdsSDK.a */; };
		F7050C991E8919AE00C0FC33 /* FacebookRotateHandler.m in Sources */ = {isa = PBXBuildFile; fileRef = F7050C971E8919AE00C0FC33 /* FacebookRotateHandler.m */; };
		F7050C9B1E891A4900C0FC33 /* FBAudienceNetwork.framework in Frameworks */ = {isa = PBXBuildFile; fileRef = F7050C9A1E891A4900C0FC33 /* FBAudienceNetwork.framework */; };
/* End PBXBuildFile section */

/* Begin PBXFileReference section */
		8197CF571D0E4CB70032E189 /* DACAdsSDK-FBAudienceNetwork-Sample-ObjectiveC.app */ = {isa = PBXFileReference; explicitFileType = wrapper.application; includeInIndex = 0; path = "DACAdsSDK-FBAudienceNetwork-Sample-ObjectiveC.app"; sourceTree = BUILT_PRODUCTS_DIR; };
		8197CF5B1D0E4CB70032E189 /* main.m */ = {isa = PBXFileReference; lastKnownFileType = sourcecode.c.objc; path = main.m; sourceTree = "<group>"; };
		8197CF5D1D0E4CB70032E189 /* AppDelegate.h */ = {isa = PBXFileReference; lastKnownFileType = sourcecode.c.h; path = AppDelegate.h; sourceTree = "<group>"; };
		8197CF5E1D0E4CB70032E189 /* AppDelegate.m */ = {isa = PBXFileReference; lastKnownFileType = sourcecode.c.objc; path = AppDelegate.m; sourceTree = "<group>"; };
		8197CF601D0E4CB70032E189 /* ViewController.h */ = {isa = PBXFileReference; lastKnownFileType = sourcecode.c.h; path = ViewController.h; sourceTree = "<group>"; };
		8197CF611D0E4CB70032E189 /* ViewController.m */ = {isa = PBXFileReference; lastKnownFileType = sourcecode.c.objc; path = ViewController.m; sourceTree = "<group>"; };
		8197CF641D0E4CB70032E189 /* Base */ = {isa = PBXFileReference; lastKnownFileType = file.storyboard; name = Base; path = Base.lproj/Main.storyboard; sourceTree = "<group>"; };
		8197CF661D0E4CB70032E189 /* Assets.xcassets */ = {isa = PBXFileReference; lastKnownFileType = folder.assetcatalog; path = Assets.xcassets; sourceTree = "<group>"; };
		8197CF691D0E4CB70032E189 /* Base */ = {isa = PBXFileReference; lastKnownFileType = file.storyboard; name = Base; path = Base.lproj/LaunchScreen.storyboard; sourceTree = "<group>"; };
		8197CF6B1D0E4CB70032E189 /* Info.plist */ = {isa = PBXFileReference; lastKnownFileType = text.plist.xml; path = Info.plist; sourceTree = "<group>"; };
		8197CF811D0E4D740032E189 /* AdSupport.framework */ = {isa = PBXFileReference; lastKnownFileType = wrapper.framework; name = AdSupport.framework; path = System/Library/Frameworks/AdSupport.framework; sourceTree = SDKROOT; };
		8197CF831D0E4D800032E189 /* SystemConfiguration.framework */ = {isa = PBXFileReference; lastKnownFileType = wrapper.framework; name = SystemConfiguration.framework; path = System/Library/Frameworks/SystemConfiguration.framework; sourceTree = SDKROOT; };
		F7050C921E8919AE00C0FC33 /* DACAdsSDK.h */ = {isa = PBXFileReference; fileEncoding = 4; lastKnownFileType = sourcecode.c.h; path = DACAdsSDK.h; sourceTree = "<group>"; };
		F7050C931E8919AE00C0FC33 /* DASMediationView.h */ = {isa = PBXFileReference; fileEncoding = 4; lastKnownFileType = sourcecode.c.h; path = DASMediationView.h; sourceTree = "<group>"; };
		F7050C941E8919AE00C0FC33 /* libDACAdsSDK.a */ = {isa = PBXFileReference; lastKnownFileType = archive.ar; path = libDACAdsSDK.a; sourceTree = "<group>"; };
		F7050C961E8919AE00C0FC33 /* FacebookRotateHandler.h */ = {isa = PBXFileReference; fileEncoding = 4; lastKnownFileType = sourcecode.c.h; path = FacebookRotateHandler.h; sourceTree = "<group>"; };
		F7050C971E8919AE00C0FC33 /* FacebookRotateHandler.m */ = {isa = PBXFileReference; fileEncoding = 4; lastKnownFileType = sourcecode.c.objc; path = FacebookRotateHandler.m; sourceTree = "<group>"; };
		F7050C9A1E891A4900C0FC33 /* FBAudienceNetwork.framework */ = {isa = PBXFileReference; lastKnownFileType = wrapper.framework; name = FBAudienceNetwork.framework; path = "../../../#lib/FacebookSDKs-iOS/FBAudienceNetwork.framework"; sourceTree = "<group>"; };
/* End PBXFileReference section */

/* Begin PBXFrameworksBuildPhase section */
		8197CF541D0E4CB70032E189 /* Frameworks */ = {
			isa = PBXFrameworksBuildPhase;
			buildActionMask = 2147483647;
			files = (
				F7050C981E8919AE00C0FC33 /* libDACAdsSDK.a in Frameworks */,
				8197CF8A1D0E4E1A0032E189 /* AdSupport.framework in Frameworks */,
				8197CF841D0E4D800032E189 /* SystemConfiguration.framework in Frameworks */,
				F7050C9B1E891A4900C0FC33 /* FBAudienceNetwork.framework in Frameworks */,
			);
			runOnlyForDeploymentPostprocessing = 0;
		};
/* End PBXFrameworksBuildPhase section */

/* Begin PBXGroup section */
		8197CF4E1D0E4CB70032E189 = {
			isa = PBXGroup;
			children = (
				F7050C9A1E891A4900C0FC33 /* FBAudienceNetwork.framework */,
				F7050C911E8919AE00C0FC33 /* DACAdsSDK */,
				F7050C951E8919AE00C0FC33 /* FacebookRotateHandler */,
				8197CF831D0E4D800032E189 /* SystemConfiguration.framework */,
				8197CF811D0E4D740032E189 /* AdSupport.framework */,
				8197CF591D0E4CB70032E189 /* DACAdsSDK-FBAudienceNetwork-Sample-ObjectiveC */,
				8197CF581D0E4CB70032E189 /* Products */,
			);
			sourceTree = "<group>";
		};
		8197CF581D0E4CB70032E189 /* Products */ = {
			isa = PBXGroup;
			children = (
				8197CF571D0E4CB70032E189 /* DACAdsSDK-FBAudienceNetwork-Sample-ObjectiveC.app */,
			);
			name = Products;
			sourceTree = "<group>";
		};
		8197CF591D0E4CB70032E189 /* DACAdsSDK-FBAudienceNetwork-Sample-ObjectiveC */ = {
			isa = PBXGroup;
			children = (
				8197CF5D1D0E4CB70032E189 /* AppDelegate.h */,
				8197CF5E1D0E4CB70032E189 /* AppDelegate.m */,
				8197CF601D0E4CB70032E189 /* ViewController.h */,
				8197CF611D0E4CB70032E189 /* ViewController.m */,
				8197CF631D0E4CB70032E189 /* Main.storyboard */,
				8197CF661D0E4CB70032E189 /* Assets.xcassets */,
				8197CF681D0E4CB70032E189 /* LaunchScreen.storyboard */,
				8197CF6B1D0E4CB70032E189 /* Info.plist */,
				8197CF5A1D0E4CB70032E189 /* Supporting Files */,
			);
			path = "DACAdsSDK-FBAudienceNetwork-Sample-ObjectiveC";
			sourceTree = "<group>";
		};
		8197CF5A1D0E4CB70032E189 /* Supporting Files */ = {
			isa = PBXGroup;
			children = (
				8197CF5B1D0E4CB70032E189 /* main.m */,
			);
			name = "Supporting Files";
			sourceTree = "<group>";
		};
		F7050C911E8919AE00C0FC33 /* DACAdsSDK */ = {
			isa = PBXGroup;
			children = (
				F7050C921E8919AE00C0FC33 /* DACAdsSDK.h */,
				F7050C931E8919AE00C0FC33 /* DASMediationView.h */,
				F7050C941E8919AE00C0FC33 /* libDACAdsSDK.a */,
			);
			name = DACAdsSDK;
			path = "../../../#lib/DACAdsSDK/universal/DACAdsSDK";
			sourceTree = "<group>";
		};
		F7050C951E8919AE00C0FC33 /* FacebookRotateHandler */ = {
			isa = PBXGroup;
			children = (
				F7050C961E8919AE00C0FC33 /* FacebookRotateHandler.h */,
				F7050C971E8919AE00C0FC33 /* FacebookRotateHandler.m */,
			);
			name = FacebookRotateHandler;
			path = "../../../#lib/DACAdsSDK/universal/FacebookRotateHandler";
			sourceTree = "<group>";
		};
/* End PBXGroup section */

/* Begin PBXNativeTarget section */
		8197CF561D0E4CB70032E189 /* DACAdsSDK-FBAudienceNetwork-Sample-ObjectiveC */ = {
			isa = PBXNativeTarget;
			buildConfigurationList = 8197CF791D0E4CB70032E189 /* Build configuration list for PBXNativeTarget "DACAdsSDK-FBAudienceNetwork-Sample-ObjectiveC" */;
			buildPhases = (
				8197CF531D0E4CB70032E189 /* Sources */,
				8197CF541D0E4CB70032E189 /* Frameworks */,
				8197CF551D0E4CB70032E189 /* Resources */,
			);
			buildRules = (
			);
			dependencies = (
			);
			name = "DACAdsSDK-FBAudienceNetwork-Sample-ObjectiveC";
			productName = "DACAdsSDK-Sample-ObjectiveC";
			productReference = 8197CF571D0E4CB70032E189 /* DACAdsSDK-FBAudienceNetwork-Sample-ObjectiveC.app */;
			productType = "com.apple.product-type.application";
		};
/* End PBXNativeTarget section */

/* Begin PBXProject section */
		8197CF4F1D0E4CB70032E189 /* Project object */ = {
			isa = PBXProject;
			attributes = {
				LastUpgradeCheck = 0820;
				ORGANIZATIONNAME = dac;
				TargetAttributes = {
					8197CF561D0E4CB70032E189 = {
						CreatedOnToolsVersion = 7.3.1;
					};
				};
			};
			buildConfigurationList = 8197CF521D0E4CB70032E189 /* Build configuration list for PBXProject "DACAdsSDK-FBAudienceNetwork-Sample-ObjectiveC" */;
			compatibilityVersion = "Xcode 3.2";
			developmentRegion = English;
			hasScannedForEncodings = 0;
			knownRegions = (
				en,
				Base,
			);
			mainGroup = 8197CF4E1D0E4CB70032E189;
			productRefGroup = 8197CF581D0E4CB70032E189 /* Products */;
			projectDirPath = "";
			projectRoot = "";
			targets = (
				8197CF561D0E4CB70032E189 /* DACAdsSDK-FBAudienceNetwork-Sample-ObjectiveC */,
			);
		};
/* End PBXProject section */

/* Begin PBXResourcesBuildPhase section */
		8197CF551D0E4CB70032E189 /* Resources */ = {
			isa = PBXResourcesBuildPhase;
			buildActionMask = 2147483647;
			files = (
				8197CF6A1D0E4CB70032E189 /* LaunchScreen.storyboard in Resources */,
				8197CF671D0E4CB70032E189 /* Assets.xcassets in Resources */,
				8197CF651D0E4CB70032E189 /* Main.storyboard in Resources */,
			);
			runOnlyForDeploymentPostprocessing = 0;
		};
/* End PBXResourcesBuildPhase section */

/* Begin PBXSourcesBuildPhase section */
		8197CF531D0E4CB70032E189 /* Sources */ = {
			isa = PBXSourcesBuildPhase;
			buildActionMask = 2147483647;
			files = (
				8197CF621D0E4CB70032E189 /* ViewController.m in Sources */,
				F7050C991E8919AE00C0FC33 /* FacebookRotateHandler.m in Sources */,
				8197CF5F1D0E4CB70032E189 /* AppDelegate.m in Sources */,
				8197CF5C1D0E4CB70032E189 /* main.m in Sources */,
			);
			runOnlyForDeploymentPostprocessing = 0;
		};
/* End PBXSourcesBuildPhase section */

/* Begin PBXVariantGroup section */
		8197CF631D0E4CB70032E189 /* Main.storyboard */ = {
			isa = PBXVariantGroup;
			children = (
				8197CF641D0E4CB70032E189 /* Base */,
			);
			name = Main.storyboard;
			sourceTree = "<group>";
		};
		8197CF681D0E4CB70032E189 /* LaunchScreen.storyboard */ = {
			isa = PBXVariantGroup;
			children = (
				8197CF691D0E4CB70032E189 /* Base */,
			);
			name = LaunchScreen.storyboard;
			sourceTree = "<group>";
		};
/* End PBXVariantGroup section */

/* Begin XCBuildConfiguration section */
		8197CF771D0E4CB70032E189 /* Debug */ = {
			isa = XCBuildConfiguration;
			buildSettings = {
				ALWAYS_SEARCH_USER_PATHS = NO;
				CLANG_ANALYZER_NONNULL = YES;
				CLANG_CXX_LANGUAGE_STANDARD = "gnu++0x";
				CLANG_CXX_LIBRARY = "libc++";
				CLANG_ENABLE_MODULES = YES;
				CLANG_ENABLE_OBJC_ARC = YES;
				CLANG_WARN_BOOL_CONVERSION = YES;
				CLANG_WARN_CONSTANT_CONVERSION = YES;
				CLANG_WARN_DIRECT_OBJC_ISA_USAGE = YES_ERROR;
				CLANG_WARN_EMPTY_BODY = YES;
				CLANG_WARN_ENUM_CONVERSION = YES;
				CLANG_WARN_INFINITE_RECURSION = YES;
				CLANG_WARN_INT_CONVERSION = YES;
				CLANG_WARN_OBJC_ROOT_CLASS = YES_ERROR;
				CLANG_WARN_SUSPICIOUS_MOVE = YES;
				CLANG_WARN_UNREACHABLE_CODE = YES;
				CLANG_WARN__DUPLICATE_METHOD_MATCH = YES;
				"CODE_SIGN_IDENTITY[sdk=iphoneos*]" = "iPhone Developer";
				COPY_PHASE_STRIP = NO;
				DEBUG_INFORMATION_FORMAT = dwarf;
				ENABLE_STRICT_OBJC_MSGSEND = YES;
				ENABLE_TESTABILITY = YES;
				FRAMEWORK_SEARCH_PATHS = "\"$(SRCROOT)/../../../#lib/FacebookSDKs-iOS";
				GCC_C_LANGUAGE_STANDARD = gnu99;
				GCC_DYNAMIC_NO_PIC = NO;
				GCC_NO_COMMON_BLOCKS = YES;
				GCC_OPTIMIZATION_LEVEL = 0;
				GCC_PREPROCESSOR_DEFINITIONS = (
					"DEBUG=1",
					"$(inherited)",
				);
				GCC_WARN_64_TO_32_BIT_CONVERSION = YES;
				GCC_WARN_ABOUT_RETURN_TYPE = YES_ERROR;
				GCC_WARN_UNDECLARED_SELECTOR = YES;
				GCC_WARN_UNINITIALIZED_AUTOS = YES_AGGRESSIVE;
				GCC_WARN_UNUSED_FUNCTION = YES;
				GCC_WARN_UNUSED_VARIABLE = YES;
				IPHONEOS_DEPLOYMENT_TARGET = 9.3;
				LIBRARY_SEARCH_PATHS = "\"$(SRCROOT)/../../../#lib/DACAdsSDK/universal/DACAdsSDK/\"";
				MTL_ENABLE_DEBUG_INFO = YES;
				ONLY_ACTIVE_ARCH = YES;
				SDKROOT = iphoneos;
				TARGETED_DEVICE_FAMILY = "1,2";
			};
			name = Debug;
		};
		8197CF781D0E4CB70032E189 /* Release */ = {
			isa = XCBuildConfiguration;
			buildSettings = {
				ALWAYS_SEARCH_USER_PATHS = NO;
				CLANG_ANALYZER_NONNULL = YES;
				CLANG_CXX_LANGUAGE_STANDARD = "gnu++0x";
				CLANG_CXX_LIBRARY = "libc++";
				CLANG_ENABLE_MODULES = YES;
				CLANG_ENABLE_OBJC_ARC = YES;
				CLANG_WARN_BOOL_CONVERSION = YES;
				CLANG_WARN_CONSTANT_CONVERSION = YES;
				CLANG_WARN_DIRECT_OBJC_ISA_USAGE = YES_ERROR;
				CLANG_WARN_EMPTY_BODY = YES;
				CLANG_WARN_ENUM_CONVERSION = YES;
				CLANG_WARN_INFINITE_RECURSION = YES;
				CLANG_WARN_INT_CONVERSION = YES;
				CLANG_WARN_OBJC_ROOT_CLASS = YES_ERROR;
				CLANG_WARN_SUSPICIOUS_MOVE = YES;
				CLANG_WARN_UNREACHABLE_CODE = YES;
				CLANG_WARN__DUPLICATE_METHOD_MATCH = YES;
				"CODE_SIGN_IDENTITY[sdk=iphoneos*]" = "iPhone Developer";
				COPY_PHASE_STRIP = NO;
				DEBUG_INFORMATION_FORMAT = "dwarf-with-dsym";
				ENABLE_NS_ASSERTIONS = NO;
				ENABLE_STRICT_OBJC_MSGSEND = YES;
				FRAMEWORK_SEARCH_PATHS = "\"$(SRCROOT)/../../../#lib/FacebookSDKs-iOS";
				GCC_C_LANGUAGE_STANDARD = gnu99;
				GCC_NO_COMMON_BLOCKS = YES;
				GCC_WARN_64_TO_32_BIT_CONVERSION = YES;
				GCC_WARN_ABOUT_RETURN_TYPE = YES_ERROR;
				GCC_WARN_UNDECLARED_SELECTOR = YES;
				GCC_WARN_UNINITIALIZED_AUTOS = YES_AGGRESSIVE;
				GCC_WARN_UNUSED_FUNCTION = YES;
				GCC_WARN_UNUSED_VARIABLE = YES;
				IPHONEOS_DEPLOYMENT_TARGET = 9.3;
				LIBRARY_SEARCH_PATHS = "\"$(SRCROOT)/../../../#lib/DACAdsSDK/universal/DACAdsSDK/\"";
				MTL_ENABLE_DEBUG_INFO = NO;
				SDKROOT = iphoneos;
				TARGETED_DEVICE_FAMILY = "1,2";
				VALIDATE_PRODUCT = YES;
			};
			name = Release;
		};
		8197CF7A1D0E4CB70032E189 /* Debug */ = {
			isa = XCBuildConfiguration;
			buildSettings = {
				ASSETCATALOG_COMPILER_APPICON_NAME = AppIcon;
				INFOPLIST_FILE = "DACAdsSDK-FBAudienceNetwork-Sample-ObjectiveC/Info.plist";
				LD_RUNPATH_SEARCH_PATHS = "$(inherited) @executable_path/Frameworks";
				PRODUCT_BUNDLE_IDENTIFIER = "jp.co.dac.DACAdsSDK-FBAudienceNetwork-Sample-ObjectiveC";
				PRODUCT_NAME = "DACAdsSDK-FBAudienceNetwork-Sample-ObjectiveC";
			};
			name = Debug;
		};
		8197CF7B1D0E4CB70032E189 /* Release */ = {
			isa = XCBuildConfiguration;
			buildSettings = {
				ASSETCATALOG_COMPILER_APPICON_NAME = AppIcon;
				INFOPLIST_FILE = "DACAdsSDK-FBAudienceNetwork-Sample-ObjectiveC/Info.plist";
				LD_RUNPATH_SEARCH_PATHS = "$(inherited) @executable_path/Frameworks";
				PRODUCT_BUNDLE_IDENTIFIER = "jp.co.dac.DACAdsSDK-FBAudienceNetwork-Sample-ObjectiveC";
				PRODUCT_NAME = "DACAdsSDK-FBAudienceNetwork-Sample-ObjectiveC";
			};
			name = Release;
		};
/* End XCBuildConfiguration section */

/* Begin XCConfigurationList section */
		8197CF521D0E4CB70032E189 /* Build configuration list for PBXProject "DACAdsSDK-FBAudienceNetwork-Sample-ObjectiveC" */ = {
			isa = XCConfigurationList;
			buildConfigurations = (
				8197CF771D0E4CB70032E189 /* Debug */,
				8197CF781D0E4CB70032E189 /* Release */,
			);
			defaultConfigurationIsVisible = 0;
			defaultConfigurationName = Release;
		};
		8197CF791D0E4CB70032E189 /* Build configuration list for PBXNativeTarget "DACAdsSDK-FBAudienceNetwork-Sample-ObjectiveC" */ = {
			isa = XCConfigurationList;
			buildConfigurations = (
				8197CF7A1D0E4CB70032E189 /* Debug */,
				8197CF7B1D0E4CB70032E189 /* Release */,
			);
			defaultConfigurationIsVisible = 0;
			defaultConfigurationName = Release;
		};
/* End XCConfigurationList section */
	};
	rootObject = 8197CF4F1D0E4CB70032E189 /* Project object */;
}
