// !$*UTF8*$!
{
	archiveVersion = 1;
	classes = {
	};
	objectVersion = 46;
	objects = {

/* Begin PBXBuildFile section */
		816A88961D29E35E00367975 /* AppDelegate.swift in Sources */ = {isa = PBXBuildFile; fileRef = 816A88951D29E35E00367975 /* AppDelegate.swift */; };
		816A88981D29E35E00367975 /* ViewController.swift in Sources */ = {isa = PBXBuildFile; fileRef = 816A88971D29E35E00367975 /* ViewController.swift */; };
		816A889B1D29E35E00367975 /* Main.storyboard in Resources */ = {isa = PBXBuildFile; fileRef = 816A88991D29E35E00367975 /* Main.storyboard */; };
		816A889D1D29E35E00367975 /* Assets.xcassets in Resources */ = {isa = PBXBuildFile; fileRef = 816A889C1D29E35E00367975 /* Assets.xcassets */; };
		816A88A01D29E35E00367975 /* LaunchScreen.storyboard in Resources */ = {isa = PBXBuildFile; fileRef = 816A889E1D29E35E00367975 /* LaunchScreen.storyboard */; };
		81A061AA1D29F37500197E8A /* DACSDKNativeAd.framework in Frameworks */ = {isa = PBXBuildFile; fileRef = 81A061A91D29F37500197E8A /* DACSDKNativeAd.framework */; };
		81A061AB1D29F37500197E8A /* DACSDKNativeAd.framework in Embed Frameworks */ = {isa = PBXBuildFile; fileRef = 81A061A91D29F37500197E8A /* DACSDKNativeAd.framework */; settings = {ATTRIBUTES = (CodeSignOnCopy, RemoveHeadersOnCopy, ); }; };
/* End PBXBuildFile section */

/* Begin PBXContainerItemProxy section */
		816A88A71D29E35E00367975 /* PBXContainerItemProxy */ = {
			isa = PBXContainerItemProxy;
			containerPortal = 816A888A1D29E35E00367975 /* Project object */;
			proxyType = 1;
			remoteGlobalIDString = 816A88911D29E35E00367975;
			remoteInfo = "DACNativeAdSDK-Sample-Swift";
		};
/* End PBXContainerItemProxy section */

/* Begin PBXCopyFilesBuildPhase section */
		81A061AC1D29F37500197E8A /* Embed Frameworks */ = {
			isa = PBXCopyFilesBuildPhase;
			buildActionMask = 2147483647;
			dstPath = "";
			dstSubfolderSpec = 10;
			files = (
				81A061AB1D29F37500197E8A /* DACSDKNativeAd.framework in Embed Frameworks */,
			);
			name = "Embed Frameworks";
			runOnlyForDeploymentPostprocessing = 0;
		};
/* End PBXCopyFilesBuildPhase section */

/* Begin PBXFileReference section */
		816A88921D29E35E00367975 /* DACNativeAdSDK-Sample-Swift.app */ = {isa = PBXFileReference; explicitFileType = wrapper.application; includeInIndex = 0; path = "DACNativeAdSDK-Sample-Swift.app"; sourceTree = BUILT_PRODUCTS_DIR; };
		816A88951D29E35E00367975 /* AppDelegate.swift */ = {isa = PBXFileReference; lastKnownFileType = sourcecode.swift; path = AppDelegate.swift; sourceTree = "<group>"; };
		816A88971D29E35E00367975 /* ViewController.swift */ = {isa = PBXFileReference; lastKnownFileType = sourcecode.swift; path = ViewController.swift; sourceTree = "<group>"; };
		816A889A1D29E35E00367975 /* Base */ = {isa = PBXFileReference; lastKnownFileType = file.storyboard; name = Base; path = Base.lproj/Main.storyboard; sourceTree = "<group>"; };
		816A889C1D29E35E00367975 /* Assets.xcassets */ = {isa = PBXFileReference; lastKnownFileType = folder.assetcatalog; path = Assets.xcassets; sourceTree = "<group>"; };
		816A889F1D29E35E00367975 /* Base */ = {isa = PBXFileReference; lastKnownFileType = file.storyboard; name = Base; path = Base.lproj/LaunchScreen.storyboard; sourceTree = "<group>"; };
		816A88A11D29E35E00367975 /* Info.plist */ = {isa = PBXFileReference; lastKnownFileType = text.plist.xml; path = Info.plist; sourceTree = "<group>"; };
		816A88A61D29E35E00367975 /* DACNativeAdSDK-Sample-Swift.xctest */ = {isa = PBXFileReference; explicitFileType = wrapper.cfbundle; includeInIndex = 0; path = "DACNativeAdSDK-Sample-Swift.xctest"; sourceTree = BUILT_PRODUCTS_DIR; };
		81A061A91D29F37500197E8A /* DACSDKNativeAd.framework */ = {isa = PBXFileReference; lastKnownFileType = wrapper.framework; name = DACSDKNativeAd.framework; path = "../../#sdks/DACSDKNativeAd/dynamic/DACSDKNativeAd.framework"; sourceTree = "<group>"; };
/* End PBXFileReference section */

/* Begin PBXFrameworksBuildPhase section */
		816A888F1D29E35E00367975 /* Frameworks */ = {
			isa = PBXFrameworksBuildPhase;
			buildActionMask = 2147483647;
			files = (
				81A061AA1D29F37500197E8A /* DACSDKNativeAd.framework in Frameworks */,
			);
			runOnlyForDeploymentPostprocessing = 0;
		};
		816A88A31D29E35E00367975 /* Frameworks */ = {
			isa = PBXFrameworksBuildPhase;
			buildActionMask = 2147483647;
			files = (
			);
			runOnlyForDeploymentPostprocessing = 0;
		};
/* End PBXFrameworksBuildPhase section */

/* Begin PBXGroup section */
		816A88891D29E35E00367975 = {
			isa = PBXGroup;
			children = (
				81A061A91D29F37500197E8A /* DACSDKNativeAd.framework */,
				816A88941D29E35E00367975 /* DACNativeAdSDK-Sample-Swift */,
				816A88931D29E35E00367975 /* Products */,
			);
			sourceTree = "<group>";
		};
		816A88931D29E35E00367975 /* Products */ = {
			isa = PBXGroup;
			children = (
				816A88921D29E35E00367975 /* DACNativeAdSDK-Sample-Swift.app */,
				816A88A61D29E35E00367975 /* DACNativeAdSDK-Sample-Swift.xctest */,
			);
			name = Products;
			sourceTree = "<group>";
		};
		816A88941D29E35E00367975 /* DACNativeAdSDK-Sample-Swift */ = {
			isa = PBXGroup;
			children = (
				816A88951D29E35E00367975 /* AppDelegate.swift */,
				816A88971D29E35E00367975 /* ViewController.swift */,
				816A88991D29E35E00367975 /* Main.storyboard */,
				816A889C1D29E35E00367975 /* Assets.xcassets */,
				816A889E1D29E35E00367975 /* LaunchScreen.storyboard */,
				816A88A11D29E35E00367975 /* Info.plist */,
			);
			path = "DACNativeAdSDK-Sample-Swift";
			sourceTree = "<group>";
		};
/* End PBXGroup section */

/* Begin PBXNativeTarget section */
		816A88911D29E35E00367975 /* DACNativeAdSDK-Sample-Swift */ = {
			isa = PBXNativeTarget;
			buildConfigurationList = 816A88AF1D29E35E00367975 /* Build configuration list for PBXNativeTarget "DACNativeAdSDK-Sample-Swift" */;
			buildPhases = (
				816A888E1D29E35E00367975 /* Sources */,
				816A888F1D29E35E00367975 /* Frameworks */,
				816A88901D29E35E00367975 /* Resources */,
				81A061AC1D29F37500197E8A /* Embed Frameworks */,
			);
			buildRules = (
			);
			dependencies = (
			);
			name = "DACNativeAdSDK-Sample-Swift";
			productName = "DACNativeAdSDK-Sample-Swift";
			productReference = 816A88921D29E35E00367975 /* DACNativeAdSDK-Sample-Swift.app */;
			productType = "com.apple.product-type.application";
		};
		816A88A51D29E35E00367975 /* DACNativeAdSDK-Sample-SwiftTests */ = {
			isa = PBXNativeTarget;
			buildConfigurationList = 816A88B21D29E35E00367975 /* Build configuration list for PBXNativeTarget "DACNativeAdSDK-Sample-SwiftTests" */;
			buildPhases = (
				816A88A21D29E35E00367975 /* Sources */,
				816A88A31D29E35E00367975 /* Frameworks */,
				816A88A41D29E35E00367975 /* Resources */,
			);
			buildRules = (
			);
			dependencies = (
				816A88A81D29E35E00367975 /* PBXTargetDependency */,
			);
			name = "DACNativeAdSDK-Sample-SwiftTests";
			productName = "DACNativeAdSDK-Sample-SwiftTests";
			productReference = 816A88A61D29E35E00367975 /* DACNativeAdSDK-Sample-Swift.xctest */;
			productType = "com.apple.product-type.bundle.unit-test";
		};
/* End PBXNativeTarget section */

/* Begin PBXProject section */
		816A888A1D29E35E00367975 /* Project object */ = {
			isa = PBXProject;
			attributes = {
				LastSwiftUpdateCheck = 0730;
				LastUpgradeCheck = 0730;
				ORGANIZATIONNAME = "D.A.Consortium Inc.";
				TargetAttributes = {
					816A88911D29E35E00367975 = {
						CreatedOnToolsVersion = 7.3.1;
					};
					816A88A51D29E35E00367975 = {
						CreatedOnToolsVersion = 7.3.1;
						TestTargetID = 816A88911D29E35E00367975;
					};
				};
			};
			buildConfigurationList = 816A888D1D29E35E00367975 /* Build configuration list for PBXProject "DACNativeAdSDK-Sample-Swift" */;
			compatibilityVersion = "Xcode 3.2";
			developmentRegion = English;
			hasScannedForEncodings = 0;
			knownRegions = (
				en,
				Base,
			);
			mainGroup = 816A88891D29E35E00367975;
			productRefGroup = 816A88931D29E35E00367975 /* Products */;
			projectDirPath = "";
			projectRoot = "";
			targets = (
				816A88911D29E35E00367975 /* DACNativeAdSDK-Sample-Swift */,
				816A88A51D29E35E00367975 /* DACNativeAdSDK-Sample-SwiftTests */,
			);
		};
/* End PBXProject section */

/* Begin PBXResourcesBuildPhase section */
		816A88901D29E35E00367975 /* Resources */ = {
			isa = PBXResourcesBuildPhase;
			buildActionMask = 2147483647;
			files = (
				816A88A01D29E35E00367975 /* LaunchScreen.storyboard in Resources */,
				816A889D1D29E35E00367975 /* Assets.xcassets in Resources */,
				816A889B1D29E35E00367975 /* Main.storyboard in Resources */,
			);
			runOnlyForDeploymentPostprocessing = 0;
		};
		816A88A41D29E35E00367975 /* Resources */ = {
			isa = PBXResourcesBuildPhase;
			buildActionMask = 2147483647;
			files = (
			);
			runOnlyForDeploymentPostprocessing = 0;
		};
/* End PBXResourcesBuildPhase section */

/* Begin PBXSourcesBuildPhase section */
		816A888E1D29E35E00367975 /* Sources */ = {
			isa = PBXSourcesBuildPhase;
			buildActionMask = 2147483647;
			files = (
				816A88981D29E35E00367975 /* ViewController.swift in Sources */,
				816A88961D29E35E00367975 /* AppDelegate.swift in Sources */,
			);
			runOnlyForDeploymentPostprocessing = 0;
		};
		816A88A21D29E35E00367975 /* Sources */ = {
			isa = PBXSourcesBuildPhase;
			buildActionMask = 2147483647;
			files = (
			);
			runOnlyForDeploymentPostprocessing = 0;
		};
/* End PBXSourcesBuildPhase section */

/* Begin PBXTargetDependency section */
		816A88A81D29E35E00367975 /* PBXTargetDependency */ = {
			isa = PBXTargetDependency;
			target = 816A88911D29E35E00367975 /* DACNativeAdSDK-Sample-Swift */;
			targetProxy = 816A88A71D29E35E00367975 /* PBXContainerItemProxy */;
		};
/* End PBXTargetDependency section */

/* Begin PBXVariantGroup section */
		816A88991D29E35E00367975 /* Main.storyboard */ = {
			isa = PBXVariantGroup;
			children = (
				816A889A1D29E35E00367975 /* Base */,
			);
			name = Main.storyboard;
			sourceTree = "<group>";
		};
		816A889E1D29E35E00367975 /* LaunchScreen.storyboard */ = {
			isa = PBXVariantGroup;
			children = (
				816A889F1D29E35E00367975 /* Base */,
			);
			name = LaunchScreen.storyboard;
			sourceTree = "<group>";
		};
/* End PBXVariantGroup section */

/* Begin XCBuildConfiguration section */
		816A88AD1D29E35E00367975 /* Debug */ = {
			isa = XCBuildConfiguration;
			buildSettings = {
				ALWAYS_SEARCH_USER_PATHS = NO;
				CLANG_ANALYZER_NONNULL = YES;
				CLANG_CXX_LANGUAGE_STANDARD = "gnu++0x";
				CLANG_CXX_LIBRARY = "libc++";
				CLANG_ENABLE_MODULES = YES;
				CLANG_ENABLE_OBJC_ARC = YES;
				CLANG_WARN_BOOL_CONVERSION = YES;
				CLANG_WARN_CONSTANT_CONVERSION = YES;
				CLANG_WARN_DIRECT_OBJC_ISA_USAGE = YES_ERROR;
				CLANG_WARN_EMPTY_BODY = YES;
				CLANG_WARN_ENUM_CONVERSION = YES;
				CLANG_WARN_INT_CONVERSION = YES;
				CLANG_WARN_OBJC_ROOT_CLASS = YES_ERROR;
				CLANG_WARN_UNREACHABLE_CODE = YES;
				CLANG_WARN__DUPLICATE_METHOD_MATCH = YES;
				"CODE_SIGN_IDENTITY[sdk=iphoneos*]" = "iPhone Developer";
				COPY_PHASE_STRIP = NO;
				DEBUG_INFORMATION_FORMAT = dwarf;
				ENABLE_STRICT_OBJC_MSGSEND = YES;
				ENABLE_TESTABILITY = YES;
				GCC_C_LANGUAGE_STANDARD = gnu99;
				GCC_DYNAMIC_NO_PIC = NO;
				GCC_NO_COMMON_BLOCKS = YES;
				GCC_OPTIMIZATION_LEVEL = 0;
				GCC_PREPROCESSOR_DEFINITIONS = (
					"DEBUG=1",
					"$(inherited)",
				);
				GCC_WARN_64_TO_32_BIT_CONVERSION = YES;
				GCC_WARN_ABOUT_RETURN_TYPE = YES_ERROR;
				GCC_WARN_UNDECLARED_SELECTOR = YES;
				GCC_WARN_UNINITIALIZED_AUTOS = YES_AGGRESSIVE;
				GCC_WARN_UNUSED_FUNCTION = YES;
				GCC_WARN_UNUSED_VARIABLE = YES;
				IPHONEOS_DEPLOYMENT_TARGET = 9.3;
				MTL_ENABLE_DEBUG_INFO = YES;
				ONLY_ACTIVE_ARCH = YES;
				SDKROOT = iphoneos;
				SWIFT_OPTIMIZATION_LEVEL = "-Onone";
				TARGETED_DEVICE_FAMILY = "1,2";
			};
			name = Debug;
		};
		816A88AE1D29E35E00367975 /* Release */ = {
			isa = XCBuildConfiguration;
			buildSettings = {
				ALWAYS_SEARCH_USER_PATHS = NO;
				CLANG_ANALYZER_NONNULL = YES;
				CLANG_CXX_LANGUAGE_STANDARD = "gnu++0x";
				CLANG_CXX_LIBRARY = "libc++";
				CLANG_ENABLE_MODULES = YES;
				CLANG_ENABLE_OBJC_ARC = YES;
				CLANG_WARN_BOOL_CONVERSION = YES;
				CLANG_WARN_CONSTANT_CONVERSION = YES;
				CLANG_WARN_DIRECT_OBJC_ISA_USAGE = YES_ERROR;
				CLANG_WARN_EMPTY_BODY = YES;
				CLANG_WARN_ENUM_CONVERSION = YES;
				CLANG_WARN_INT_CONVERSION = YES;
				CLANG_WARN_OBJC_ROOT_CLASS = YES_ERROR;
				CLANG_WARN_UNREACHABLE_CODE = YES;
				CLANG_WARN__DUPLICATE_METHOD_MATCH = YES;
				"CODE_SIGN_IDENTITY[sdk=iphoneos*]" = "iPhone Developer";
				COPY_PHASE_STRIP = NO;
				DEBUG_INFORMATION_FORMAT = "dwarf-with-dsym";
				ENABLE_NS_ASSERTIONS = NO;
				ENABLE_STRICT_OBJC_MSGSEND = YES;
				GCC_C_LANGUAGE_STANDARD = gnu99;
				GCC_NO_COMMON_BLOCKS = YES;
				GCC_WARN_64_TO_32_BIT_CONVERSION = YES;
				GCC_WARN_ABOUT_RETURN_TYPE = YES_ERROR;
				GCC_WARN_UNDECLARED_SELECTOR = YES;
				GCC_WARN_UNINITIALIZED_AUTOS = YES_AGGRESSIVE;
				GCC_WARN_UNUSED_FUNCTION = YES;
				GCC_WARN_UNUSED_VARIABLE = YES;
				IPHONEOS_DEPLOYMENT_TARGET = 9.3;
				MTL_ENABLE_DEBUG_INFO = NO;
				SDKROOT = iphoneos;
				TARGETED_DEVICE_FAMILY = "1,2";
				VALIDATE_PRODUCT = YES;
			};
			name = Release;
		};
		816A88B01D29E35E00367975 /* Debug */ = {
			isa = XCBuildConfiguration;
			buildSettings = {
				ASSETCATALOG_COMPILER_APPICON_NAME = AppIcon;
				FRAMEWORK_SEARCH_PATHS = "$(SRCROOT)/../../#sdks/DACSDKNativeAd/dynamic/";
				INFOPLIST_FILE = "DACNativeAdSDK-Sample-Swift/Info.plist";
				LD_RUNPATH_SEARCH_PATHS = "$(inherited) @executable_path/Frameworks";
				PRODUCT_BUNDLE_IDENTIFIER = "jp.co.dac.DACNativeAdSDK-Sample-Swift";
				PRODUCT_NAME = "DACNativeAdSDK-Sample-Swift";
			};
			name = Debug;
		};
		816A88B11D29E35E00367975 /* Release */ = {
			isa = XCBuildConfiguration;
			buildSettings = {
				ASSETCATALOG_COMPILER_APPICON_NAME = AppIcon;
				FRAMEWORK_SEARCH_PATHS = "$(SRCROOT)/../../#sdks/DACSDKNativeAd/dynamic/";
				INFOPLIST_FILE = "DACNativeAdSDK-Sample-Swift/Info.plist";
				LD_RUNPATH_SEARCH_PATHS = "$(inherited) @executable_path/Frameworks";
				PRODUCT_BUNDLE_IDENTIFIER = "jp.co.dac.DACNativeAdSDK-Sample-Swift";
				PRODUCT_NAME = "DACNativeAdSDK-Sample-Swift";
			};
			name = Release;
		};
		816A88B31D29E35E00367975 /* Debug */ = {
			isa = XCBuildConfiguration;
			buildSettings = {
				BUNDLE_LOADER = "$(TEST_HOST)";
				INFOPLIST_FILE = "DACNativeAdSDK-Sample-SwiftTests/Info.plist";
				LD_RUNPATH_SEARCH_PATHS = "$(inherited) @executable_path/Frameworks @loader_path/Frameworks";
				PRODUCT_BUNDLE_IDENTIFIER = "jp.co.dac.DACNativeAdSDK-Sample-SwiftTests";
				PRODUCT_NAME = "DACNativeAdSDK-Sample-Swift";
				TEST_HOST = "$(BUILT_PRODUCTS_DIR)/DACNativeAdSDK-Sample-Swift.app/DACNativeAdSDK-Sample-Swift";
			};
			name = Debug;
		};
		816A88B41D29E35E00367975 /* Release */ = {
			isa = XCBuildConfiguration;
			buildSettings = {
				BUNDLE_LOADER = "$(TEST_HOST)";
				INFOPLIST_FILE = "DACNativeAdSDK-Sample-SwiftTests/Info.plist";
				LD_RUNPATH_SEARCH_PATHS = "$(inherited) @executable_path/Frameworks @loader_path/Frameworks";
				PRODUCT_BUNDLE_IDENTIFIER = "jp.co.dac.DACNativeAdSDK-Sample-SwiftTests";
				PRODUCT_NAME = "DACNativeAdSDK-Sample-Swift";
				TEST_HOST = "$(BUILT_PRODUCTS_DIR)/DACNativeAdSDK-Sample-Swift.app/DACNativeAdSDK-Sample-Swift";
			};
			name = Release;
		};
/* End XCBuildConfiguration section */

/* Begin XCConfigurationList section */
		816A888D1D29E35E00367975 /* Build configuration list for PBXProject "DACNativeAdSDK-Sample-Swift" */ = {
			isa = XCConfigurationList;
			buildConfigurations = (
				816A88AD1D29E35E00367975 /* Debug */,
				816A88AE1D29E35E00367975 /* Release */,
			);
			defaultConfigurationIsVisible = 0;
			defaultConfigurationName = Release;
		};
		816A88AF1D29E35E00367975 /* Build configuration list for PBXNativeTarget "DACNativeAdSDK-Sample-Swift" */ = {
			isa = XCConfigurationList;
			buildConfigurations = (
				816A88B01D29E35E00367975 /* Debug */,
				816A88B11D29E35E00367975 /* Release */,
			);
			defaultConfigurationIsVisible = 0;
			defaultConfigurationName = Release;
		};
		816A88B21D29E35E00367975 /* Build configuration list for PBXNativeTarget "DACNativeAdSDK-Sample-SwiftTests" */ = {
			isa = XCConfigurationList;
			buildConfigurations = (
				816A88B31D29E35E00367975 /* Debug */,
				816A88B41D29E35E00367975 /* Release */,
			);
			defaultConfigurationIsVisible = 0;
			defaultConfigurationName = Release;
		};
/* End XCConfigurationList section */
	};
	rootObject = 816A888A1D29E35E00367975 /* Project object */;
}
