// !$*UTF8*$!
{
	archiveVersion = 1;
	classes = {
	};
	objectVersion = 46;
	objects = {

/* Begin PBXBuildFile section */
		8197CF5C1D0E4CB70032E189 /* main.m in Sources */ = {isa = PBXBuildFile; fileRef = 8197CF5B1D0E4CB70032E189 /* main.m */; };
		8197CF5F1D0E4CB70032E189 /* AppDelegate.m in Sources */ = {isa = PBXBuildFile; fileRef = 8197CF5E1D0E4CB70032E189 /* AppDelegate.m */; };
		8197CF621D0E4CB70032E189 /* ViewController.m in Sources */ = {isa = PBXBuildFile; fileRef = 8197CF611D0E4CB70032E189 /* ViewController.m */; };
		8197CF651D0E4CB70032E189 /* Main.storyboard in Resources */ = {isa = PBXBuildFile; fileRef = 8197CF631D0E4CB70032E189 /* Main.storyboard */; };
		8197CF671D0E4CB70032E189 /* Assets.xcassets in Resources */ = {isa = PBXBuildFile; fileRef = 8197CF661D0E4CB70032E189 /* Assets.xcassets */; };
		8197CF6A1D0E4CB70032E189 /* LaunchScreen.storyboard in Resources */ = {isa = PBXBuildFile; fileRef = 8197CF681D0E4CB70032E189 /* LaunchScreen.storyboard */; };
		8197CF841D0E4D800032E189 /* SystemConfiguration.framework in Frameworks */ = {isa = PBXBuildFile; fileRef = 8197CF831D0E4D800032E189 /* SystemConfiguration.framework */; };
		8197CF8A1D0E4E1A0032E189 /* AdSupport.framework in Frameworks */ = {isa = PBXBuildFile; fileRef = 8197CF811D0E4D740032E189 /* AdSupport.framework */; };
		81C4640F1D1A67D8009944B6 /* FacebookRotateHandler.m in Sources */ = {isa = PBXBuildFile; fileRef = 81C4640E1D1A67D8009944B6 /* FacebookRotateHandler.m */; };
		81F773751D228A5F00BDDF6B /* libDACAdsSDK.a in Frameworks */ = {isa = PBXBuildFile; fileRef = 8197CF881D0E4DCD0032E189 /* libDACAdsSDK.a */; };
		D0A3C33423DE39402656E62C /* libPods-DACAdsSDK-FBAudienceNetwork-Sample-ObjectiveC.a in Frameworks */ = {isa = PBXBuildFile; fileRef = DE4433C80C2E8A0FA58D2974 /* libPods-DACAdsSDK-FBAudienceNetwork-Sample-ObjectiveC.a */; };
/* End PBXBuildFile section */

/* Begin PBXContainerItemProxy section */
		8197CF711D0E4CB70032E189 /* PBXContainerItemProxy */ = {
			isa = PBXContainerItemProxy;
			containerPortal = 8197CF4F1D0E4CB70032E189 /* Project object */;
			proxyType = 1;
			remoteGlobalIDString = 8197CF561D0E4CB70032E189;
			remoteInfo = "DACAdsSDK-Sample-ObjectiveC";
		};
/* End PBXContainerItemProxy section */

/* Begin PBXFileReference section */
		20472D2DA62A49E72FBE564E /* Pods-DACAdsSDK-FBAudienceNetwork-Sample-ObjectiveC.debug.xcconfig */ = {isa = PBXFileReference; includeInIndex = 1; lastKnownFileType = text.xcconfig; name = "Pods-DACAdsSDK-FBAudienceNetwork-Sample-ObjectiveC.debug.xcconfig"; path = "Pods/Target Support Files/Pods-DACAdsSDK-FBAudienceNetwork-Sample-ObjectiveC/Pods-DACAdsSDK-FBAudienceNetwork-Sample-ObjectiveC.debug.xcconfig"; sourceTree = "<group>"; };
		8197CF571D0E4CB70032E189 /* DACAdsSDK-FBAudienceNetwork-Sample-ObjectiveC.app */ = {isa = PBXFileReference; explicitFileType = wrapper.application; includeInIndex = 0; path = "DACAdsSDK-FBAudienceNetwork-Sample-ObjectiveC.app"; sourceTree = BUILT_PRODUCTS_DIR; };
		8197CF5B1D0E4CB70032E189 /* main.m */ = {isa = PBXFileReference; lastKnownFileType = sourcecode.c.objc; path = main.m; sourceTree = "<group>"; };
		8197CF5D1D0E4CB70032E189 /* AppDelegate.h */ = {isa = PBXFileReference; lastKnownFileType = sourcecode.c.h; path = AppDelegate.h; sourceTree = "<group>"; };
		8197CF5E1D0E4CB70032E189 /* AppDelegate.m */ = {isa = PBXFileReference; lastKnownFileType = sourcecode.c.objc; path = AppDelegate.m; sourceTree = "<group>"; };
		8197CF601D0E4CB70032E189 /* ViewController.h */ = {isa = PBXFileReference; lastKnownFileType = sourcecode.c.h; path = ViewController.h; sourceTree = "<group>"; };
		8197CF611D0E4CB70032E189 /* ViewController.m */ = {isa = PBXFileReference; lastKnownFileType = sourcecode.c.objc; path = ViewController.m; sourceTree = "<group>"; };
		8197CF641D0E4CB70032E189 /* Base */ = {isa = PBXFileReference; lastKnownFileType = file.storyboard; name = Base; path = Base.lproj/Main.storyboard; sourceTree = "<group>"; };
		8197CF661D0E4CB70032E189 /* Assets.xcassets */ = {isa = PBXFileReference; lastKnownFileType = folder.assetcatalog; path = Assets.xcassets; sourceTree = "<group>"; };
		8197CF691D0E4CB70032E189 /* Base */ = {isa = PBXFileReference; lastKnownFileType = file.storyboard; name = Base; path = Base.lproj/LaunchScreen.storyboard; sourceTree = "<group>"; };
		8197CF6B1D0E4CB70032E189 /* Info.plist */ = {isa = PBXFileReference; lastKnownFileType = text.plist.xml; path = Info.plist; sourceTree = "<group>"; };
		8197CF701D0E4CB70032E189 /* DACAdsSDK-FBAudienceNetwork-Sample-ObjectiveC.xctest */ = {isa = PBXFileReference; explicitFileType = wrapper.cfbundle; includeInIndex = 0; path = "DACAdsSDK-FBAudienceNetwork-Sample-ObjectiveC.xctest"; sourceTree = BUILT_PRODUCTS_DIR; };
		8197CF811D0E4D740032E189 /* AdSupport.framework */ = {isa = PBXFileReference; lastKnownFileType = wrapper.framework; name = AdSupport.framework; path = System/Library/Frameworks/AdSupport.framework; sourceTree = SDKROOT; };
		8197CF831D0E4D800032E189 /* SystemConfiguration.framework */ = {isa = PBXFileReference; lastKnownFileType = wrapper.framework; name = SystemConfiguration.framework; path = System/Library/Frameworks/SystemConfiguration.framework; sourceTree = SDKROOT; };
		8197CF861D0E4DCD0032E189 /* DACAdsSDK.h */ = {isa = PBXFileReference; fileEncoding = 4; lastKnownFileType = sourcecode.c.h; path = DACAdsSDK.h; sourceTree = "<group>"; };
		8197CF871D0E4DCD0032E189 /* DASMediationView.h */ = {isa = PBXFileReference; fileEncoding = 4; lastKnownFileType = sourcecode.c.h; path = DASMediationView.h; sourceTree = "<group>"; };
		8197CF881D0E4DCD0032E189 /* libDACAdsSDK.a */ = {isa = PBXFileReference; lastKnownFileType = archive.ar; path = libDACAdsSDK.a; sourceTree = "<group>"; };
		81C4640E1D1A67D8009944B6 /* FacebookRotateHandler.m */ = {isa = PBXFileReference; lastKnownFileType = sourcecode.c.objc; path = FacebookRotateHandler.m; sourceTree = "<group>"; };
		81C464101D1A67E8009944B6 /* FacebookRotateHandler.h */ = {isa = PBXFileReference; lastKnownFileType = sourcecode.c.h; path = FacebookRotateHandler.h; sourceTree = "<group>"; };
		CA4615853479DBDE04A745E5 /* Pods-DACAdsSDK-FBAudienceNetwork-Sample-ObjectiveC.release.xcconfig */ = {isa = PBXFileReference; includeInIndex = 1; lastKnownFileType = text.xcconfig; name = "Pods-DACAdsSDK-FBAudienceNetwork-Sample-ObjectiveC.release.xcconfig"; path = "Pods/Target Support Files/Pods-DACAdsSDK-FBAudienceNetwork-Sample-ObjectiveC/Pods-DACAdsSDK-FBAudienceNetwork-Sample-ObjectiveC.release.xcconfig"; sourceTree = "<group>"; };
		DE4433C80C2E8A0FA58D2974 /* libPods-DACAdsSDK-FBAudienceNetwork-Sample-ObjectiveC.a */ = {isa = PBXFileReference; explicitFileType = archive.ar; includeInIndex = 0; path = "libPods-DACAdsSDK-FBAudienceNetwork-Sample-ObjectiveC.a"; sourceTree = BUILT_PRODUCTS_DIR; };
/* End PBXFileReference section */

/* Begin PBXFrameworksBuildPhase section */
		8197CF541D0E4CB70032E189 /* Frameworks */ = {
			isa = PBXFrameworksBuildPhase;
			buildActionMask = 2147483647;
			files = (
				81F773751D228A5F00BDDF6B /* libDACAdsSDK.a in Frameworks */,
				8197CF8A1D0E4E1A0032E189 /* AdSupport.framework in Frameworks */,
				8197CF841D0E4D800032E189 /* SystemConfiguration.framework in Frameworks */,
				D0A3C33423DE39402656E62C /* libPods-DACAdsSDK-FBAudienceNetwork-Sample-ObjectiveC.a in Frameworks */,
			);
			runOnlyForDeploymentPostprocessing = 0;
		};
		8197CF6D1D0E4CB70032E189 /* Frameworks */ = {
			isa = PBXFrameworksBuildPhase;
			buildActionMask = 2147483647;
			files = (
			);
			runOnlyForDeploymentPostprocessing = 0;
		};
/* End PBXFrameworksBuildPhase section */

/* Begin PBXGroup section */
		8197CF4E1D0E4CB70032E189 = {
			isa = PBXGroup;
			children = (
				81C464111D1A67ED009944B6 /* FacebookRotateHandler */,
				8197CF851D0E4DCD0032E189 /* DACAdsSDK */,
				8197CF831D0E4D800032E189 /* SystemConfiguration.framework */,
				8197CF811D0E4D740032E189 /* AdSupport.framework */,
				8197CF591D0E4CB70032E189 /* DACAdsSDK-FBAudienceNetwork-Sample-ObjectiveC */,
				8197CF581D0E4CB70032E189 /* Products */,
				CD620D4C1E9B94E6E9B6B93C /* Pods */,
				8576C73B1F718C4099F4A48E /* Frameworks */,
			);
			sourceTree = "<group>";
		};
		8197CF581D0E4CB70032E189 /* Products */ = {
			isa = PBXGroup;
			children = (
				8197CF571D0E4CB70032E189 /* DACAdsSDK-FBAudienceNetwork-Sample-ObjectiveC.app */,
				8197CF701D0E4CB70032E189 /* DACAdsSDK-FBAudienceNetwork-Sample-ObjectiveC.xctest */,
			);
			name = Products;
			sourceTree = "<group>";
		};
		8197CF591D0E4CB70032E189 /* DACAdsSDK-FBAudienceNetwork-Sample-ObjectiveC */ = {
			isa = PBXGroup;
			children = (
				8197CF5D1D0E4CB70032E189 /* AppDelegate.h */,
				8197CF5E1D0E4CB70032E189 /* AppDelegate.m */,
				8197CF601D0E4CB70032E189 /* ViewController.h */,
				8197CF611D0E4CB70032E189 /* ViewController.m */,
				8197CF631D0E4CB70032E189 /* Main.storyboard */,
				8197CF661D0E4CB70032E189 /* Assets.xcassets */,
				8197CF681D0E4CB70032E189 /* LaunchScreen.storyboard */,
				8197CF6B1D0E4CB70032E189 /* Info.plist */,
				8197CF5A1D0E4CB70032E189 /* Supporting Files */,
			);
			path = "DACAdsSDK-FBAudienceNetwork-Sample-ObjectiveC";
			sourceTree = "<group>";
		};
		8197CF5A1D0E4CB70032E189 /* Supporting Files */ = {
			isa = PBXGroup;
			children = (
				8197CF5B1D0E4CB70032E189 /* main.m */,
			);
			name = "Supporting Files";
			sourceTree = "<group>";
		};
		8197CF851D0E4DCD0032E189 /* DACAdsSDK */ = {
			isa = PBXGroup;
			children = (
				8197CF861D0E4DCD0032E189 /* DACAdsSDK.h */,
				8197CF871D0E4DCD0032E189 /* DASMediationView.h */,
				8197CF881D0E4DCD0032E189 /* libDACAdsSDK.a */,
			);
			name = DACAdsSDK;
			path = "../../#sdks/DACAdsSDK";
			sourceTree = "<group>";
		};
		81C464111D1A67ED009944B6 /* FacebookRotateHandler */ = {
			isa = PBXGroup;
			children = (
				81C464101D1A67E8009944B6 /* FacebookRotateHandler.h */,
				81C4640E1D1A67D8009944B6 /* FacebookRotateHandler.m */,
			);
			name = FacebookRotateHandler;
			path = "../../#sdks/FacebookRotateHandler";
			sourceTree = "<group>";
		};
		8576C73B1F718C4099F4A48E /* Frameworks */ = {
			isa = PBXGroup;
			children = (
				DE4433C80C2E8A0FA58D2974 /* libPods-DACAdsSDK-FBAudienceNetwork-Sample-ObjectiveC.a */,
			);
			name = Frameworks;
			sourceTree = "<group>";
		};
		CD620D4C1E9B94E6E9B6B93C /* Pods */ = {
			isa = PBXGroup;
			children = (
				20472D2DA62A49E72FBE564E /* Pods-DACAdsSDK-FBAudienceNetwork-Sample-ObjectiveC.debug.xcconfig */,
				CA4615853479DBDE04A745E5 /* Pods-DACAdsSDK-FBAudienceNetwork-Sample-ObjectiveC.release.xcconfig */,
			);
			name = Pods;
			sourceTree = "<group>";
		};
/* End PBXGroup section */

/* Begin PBXNativeTarget section */
		8197CF561D0E4CB70032E189 /* DACAdsSDK-FBAudienceNetwork-Sample-ObjectiveC */ = {
			isa = PBXNativeTarget;
			buildConfigurationList = 8197CF791D0E4CB70032E189 /* Build configuration list for PBXNativeTarget "DACAdsSDK-FBAudienceNetwork-Sample-ObjectiveC" */;
			buildPhases = (
				AB4D6847873E58584E4B3B94 /* 📦 Check Pods Manifest.lock */,
				8197CF531D0E4CB70032E189 /* Sources */,
				8197CF541D0E4CB70032E189 /* Frameworks */,
				8197CF551D0E4CB70032E189 /* Resources */,
				EA6F3BAA1C8EA0219791F2CF /* 📦 Embed Pods Frameworks */,
				3D7280617556054B37704CB6 /* 📦 Copy Pods Resources */,
			);
			buildRules = (
			);
			dependencies = (
			);
			name = "DACAdsSDK-FBAudienceNetwork-Sample-ObjectiveC";
			productName = "DACAdsSDK-Sample-ObjectiveC";
			productReference = 8197CF571D0E4CB70032E189 /* DACAdsSDK-FBAudienceNetwork-Sample-ObjectiveC.app */;
			productType = "com.apple.product-type.application";
		};
		8197CF6F1D0E4CB70032E189 /* DACAdsSDK-FBAudienceNetwork-Sample-ObjectiveCTests */ = {
			isa = PBXNativeTarget;
			buildConfigurationList = 8197CF7C1D0E4CB70032E189 /* Build configuration list for PBXNativeTarget "DACAdsSDK-FBAudienceNetwork-Sample-ObjectiveCTests" */;
			buildPhases = (
				8197CF6C1D0E4CB70032E189 /* Sources */,
				8197CF6D1D0E4CB70032E189 /* Frameworks */,
				8197CF6E1D0E4CB70032E189 /* Resources */,
			);
			buildRules = (
			);
			dependencies = (
				8197CF721D0E4CB70032E189 /* PBXTargetDependency */,
			);
			name = "DACAdsSDK-FBAudienceNetwork-Sample-ObjectiveCTests";
			productName = "DACAdsSDK-Sample-ObjectiveCTests";
			productReference = 8197CF701D0E4CB70032E189 /* DACAdsSDK-FBAudienceNetwork-Sample-ObjectiveC.xctest */;
			productType = "com.apple.product-type.bundle.unit-test";
		};
/* End PBXNativeTarget section */

/* Begin PBXProject section */
		8197CF4F1D0E4CB70032E189 /* Project object */ = {
			isa = PBXProject;
			attributes = {
				LastUpgradeCheck = 0730;
				ORGANIZATIONNAME = "松崎健次郎";
				TargetAttributes = {
					8197CF561D0E4CB70032E189 = {
						CreatedOnToolsVersion = 7.3.1;
					};
					8197CF6F1D0E4CB70032E189 = {
						CreatedOnToolsVersion = 7.3.1;
						TestTargetID = 8197CF561D0E4CB70032E189;
					};
				};
			};
			buildConfigurationList = 8197CF521D0E4CB70032E189 /* Build configuration list for PBXProject "DACAdsSDK-FBAudienceNetwork-Sample-ObjectiveC" */;
			compatibilityVersion = "Xcode 3.2";
			developmentRegion = English;
			hasScannedForEncodings = 0;
			knownRegions = (
				en,
				Base,
			);
			mainGroup = 8197CF4E1D0E4CB70032E189;
			productRefGroup = 8197CF581D0E4CB70032E189 /* Products */;
			projectDirPath = "";
			projectRoot = "";
			targets = (
				8197CF561D0E4CB70032E189 /* DACAdsSDK-FBAudienceNetwork-Sample-ObjectiveC */,
				8197CF6F1D0E4CB70032E189 /* DACAdsSDK-FBAudienceNetwork-Sample-ObjectiveCTests */,
			);
		};
/* End PBXProject section */

/* Begin PBXResourcesBuildPhase section */
		8197CF551D0E4CB70032E189 /* Resources */ = {
			isa = PBXResourcesBuildPhase;
			buildActionMask = 2147483647;
			files = (
				8197CF6A1D0E4CB70032E189 /* LaunchScreen.storyboard in Resources */,
				8197CF671D0E4CB70032E189 /* Assets.xcassets in Resources */,
				8197CF651D0E4CB70032E189 /* Main.storyboard in Resources */,
			);
			runOnlyForDeploymentPostprocessing = 0;
		};
		8197CF6E1D0E4CB70032E189 /* Resources */ = {
			isa = PBXResourcesBuildPhase;
			buildActionMask = 2147483647;
			files = (
			);
			runOnlyForDeploymentPostprocessing = 0;
		};
/* End PBXResourcesBuildPhase section */

/* Begin PBXShellScriptBuildPhase section */
		3D7280617556054B37704CB6 /* 📦 Copy Pods Resources */ = {
			isa = PBXShellScriptBuildPhase;
			buildActionMask = 2147483647;
			files = (
			);
			inputPaths = (
			);
			name = "📦 Copy Pods Resources";
			outputPaths = (
			);
			runOnlyForDeploymentPostprocessing = 0;
			shellPath = /bin/sh;
			shellScript = "\"${SRCROOT}/Pods/Target Support Files/Pods-DACAdsSDK-FBAudienceNetwork-Sample-ObjectiveC/Pods-DACAdsSDK-FBAudienceNetwork-Sample-ObjectiveC-resources.sh\"\n";
			showEnvVarsInLog = 0;
		};
		AB4D6847873E58584E4B3B94 /* 📦 Check Pods Manifest.lock */ = {
			isa = PBXShellScriptBuildPhase;
			buildActionMask = 2147483647;
			files = (
			);
			inputPaths = (
			);
			name = "📦 Check Pods Manifest.lock";
			outputPaths = (
			);
			runOnlyForDeploymentPostprocessing = 0;
			shellPath = /bin/sh;
			shellScript = "diff \"${PODS_ROOT}/../Podfile.lock\" \"${PODS_ROOT}/Manifest.lock\" > /dev/null\nif [[ $? != 0 ]] ; then\n    cat << EOM\nerror: The sandbox is not in sync with the Podfile.lock. Run 'pod install' or update your CocoaPods installation.\nEOM\n    exit 1\nfi\n";
			showEnvVarsInLog = 0;
		};
		EA6F3BAA1C8EA0219791F2CF /* 📦 Embed Pods Frameworks */ = {
			isa = PBXShellScriptBuildPhase;
			buildActionMask = 2147483647;
			files = (
			);
			inputPaths = (
			);
			name = "📦 Embed Pods Frameworks";
			outputPaths = (
			);
			runOnlyForDeploymentPostprocessing = 0;
			shellPath = /bin/sh;
			shellScript = "\"${SRCROOT}/Pods/Target Support Files/Pods-DACAdsSDK-FBAudienceNetwork-Sample-ObjectiveC/Pods-DACAdsSDK-FBAudienceNetwork-Sample-ObjectiveC-frameworks.sh\"\n";
			showEnvVarsInLog = 0;
		};
/* End PBXShellScriptBuildPhase section */

/* Begin PBXSourcesBuildPhase section */
		8197CF531D0E4CB70032E189 /* Sources */ = {
			isa = PBXSourcesBuildPhase;
			buildActionMask = 2147483647;
			files = (
				81C4640F1D1A67D8009944B6 /* FacebookRotateHandler.m in Sources */,
				8197CF621D0E4CB70032E189 /* ViewController.m in Sources */,
				8197CF5F1D0E4CB70032E189 /* AppDelegate.m in Sources */,
				8197CF5C1D0E4CB70032E189 /* main.m in Sources */,
			);
			runOnlyForDeploymentPostprocessing = 0;
		};
		8197CF6C1D0E4CB70032E189 /* Sources */ = {
			isa = PBXSourcesBuildPhase;
			buildActionMask = 2147483647;
			files = (
			);
			runOnlyForDeploymentPostprocessing = 0;
		};
/* End PBXSourcesBuildPhase section */

/* Begin PBXTargetDependency section */
		8197CF721D0E4CB70032E189 /* PBXTargetDependency */ = {
			isa = PBXTargetDependency;
			target = 8197CF561D0E4CB70032E189 /* DACAdsSDK-FBAudienceNetwork-Sample-ObjectiveC */;
			targetProxy = 8197CF711D0E4CB70032E189 /* PBXContainerItemProxy */;
		};
/* End PBXTargetDependency section */

/* Begin PBXVariantGroup section */
		8197CF631D0E4CB70032E189 /* Main.storyboard */ = {
			isa = PBXVariantGroup;
			children = (
				8197CF641D0E4CB70032E189 /* Base */,
			);
			name = Main.storyboard;
			sourceTree = "<group>";
		};
		8197CF681D0E4CB70032E189 /* LaunchScreen.storyboard */ = {
			isa = PBXVariantGroup;
			children = (
				8197CF691D0E4CB70032E189 /* Base */,
			);
			name = LaunchScreen.storyboard;
			sourceTree = "<group>";
		};
/* End PBXVariantGroup section */

/* Begin XCBuildConfiguration section */
		8197CF771D0E4CB70032E189 /* Debug */ = {
			isa = XCBuildConfiguration;
			buildSettings = {
				ALWAYS_SEARCH_USER_PATHS = NO;
				CLANG_ANALYZER_NONNULL = YES;
				CLANG_CXX_LANGUAGE_STANDARD = "gnu++0x";
				CLANG_CXX_LIBRARY = "libc++";
				CLANG_ENABLE_MODULES = YES;
				CLANG_ENABLE_OBJC_ARC = YES;
				CLANG_WARN_BOOL_CONVERSION = YES;
				CLANG_WARN_CONSTANT_CONVERSION = YES;
				CLANG_WARN_DIRECT_OBJC_ISA_USAGE = YES_ERROR;
				CLANG_WARN_EMPTY_BODY = YES;
				CLANG_WARN_ENUM_CONVERSION = YES;
				CLANG_WARN_INT_CONVERSION = YES;
				CLANG_WARN_OBJC_ROOT_CLASS = YES_ERROR;
				CLANG_WARN_UNREACHABLE_CODE = YES;
				CLANG_WARN__DUPLICATE_METHOD_MATCH = YES;
				"CODE_SIGN_IDENTITY[sdk=iphoneos*]" = "iPhone Developer";
				COPY_PHASE_STRIP = NO;
				DEBUG_INFORMATION_FORMAT = dwarf;
				ENABLE_STRICT_OBJC_MSGSEND = YES;
				ENABLE_TESTABILITY = YES;
				GCC_C_LANGUAGE_STANDARD = gnu99;
				GCC_DYNAMIC_NO_PIC = NO;
				GCC_NO_COMMON_BLOCKS = YES;
				GCC_OPTIMIZATION_LEVEL = 0;
				GCC_PREPROCESSOR_DEFINITIONS = (
					"DEBUG=1",
					"$(inherited)",
				);
				GCC_WARN_64_TO_32_BIT_CONVERSION = YES;
				GCC_WARN_ABOUT_RETURN_TYPE = YES_ERROR;
				GCC_WARN_UNDECLARED_SELECTOR = YES;
				GCC_WARN_UNINITIALIZED_AUTOS = YES_AGGRESSIVE;
				GCC_WARN_UNUSED_FUNCTION = YES;
				GCC_WARN_UNUSED_VARIABLE = YES;
				IPHONEOS_DEPLOYMENT_TARGET = 9.3;
				LIBRARY_SEARCH_PATHS = "$(SRCROOT)/../../#sdks/DACAdsSDK/";
				MTL_ENABLE_DEBUG_INFO = YES;
				ONLY_ACTIVE_ARCH = YES;
				SDKROOT = iphoneos;
				TARGETED_DEVICE_FAMILY = "1,2";
			};
			name = Debug;
		};
		8197CF781D0E4CB70032E189 /* Release */ = {
			isa = XCBuildConfiguration;
			buildSettings = {
				ALWAYS_SEARCH_USER_PATHS = NO;
				CLANG_ANALYZER_NONNULL = YES;
				CLANG_CXX_LANGUAGE_STANDARD = "gnu++0x";
				CLANG_CXX_LIBRARY = "libc++";
				CLANG_ENABLE_MODULES = YES;
				CLANG_ENABLE_OBJC_ARC = YES;
				CLANG_WARN_BOOL_CONVERSION = YES;
				CLANG_WARN_CONSTANT_CONVERSION = YES;
				CLANG_WARN_DIRECT_OBJC_ISA_USAGE = YES_ERROR;
				CLANG_WARN_EMPTY_BODY = YES;
				CLANG_WARN_ENUM_CONVERSION = YES;
				CLANG_WARN_INT_CONVERSION = YES;
				CLANG_WARN_OBJC_ROOT_CLASS = YES_ERROR;
				CLANG_WARN_UNREACHABLE_CODE = YES;
				CLANG_WARN__DUPLICATE_METHOD_MATCH = YES;
				"CODE_SIGN_IDENTITY[sdk=iphoneos*]" = "iPhone Developer";
				COPY_PHASE_STRIP = NO;
				DEBUG_INFORMATION_FORMAT = "dwarf-with-dsym";
				ENABLE_NS_ASSERTIONS = NO;
				ENABLE_STRICT_OBJC_MSGSEND = YES;
				GCC_C_LANGUAGE_STANDARD = gnu99;
				GCC_NO_COMMON_BLOCKS = YES;
				GCC_WARN_64_TO_32_BIT_CONVERSION = YES;
				GCC_WARN_ABOUT_RETURN_TYPE = YES_ERROR;
				GCC_WARN_UNDECLARED_SELECTOR = YES;
				GCC_WARN_UNINITIALIZED_AUTOS = YES_AGGRESSIVE;
				GCC_WARN_UNUSED_FUNCTION = YES;
				GCC_WARN_UNUSED_VARIABLE = YES;
				IPHONEOS_DEPLOYMENT_TARGET = 9.3;
				LIBRARY_SEARCH_PATHS = "$(SRCROOT)/../../#sdks/DACAdsSDK/";
				MTL_ENABLE_DEBUG_INFO = NO;
				SDKROOT = iphoneos;
				TARGETED_DEVICE_FAMILY = "1,2";
				VALIDATE_PRODUCT = YES;
			};
			name = Release;
		};
		8197CF7A1D0E4CB70032E189 /* Debug */ = {
			isa = XCBuildConfiguration;
			baseConfigurationReference = 20472D2DA62A49E72FBE564E /* Pods-DACAdsSDK-FBAudienceNetwork-Sample-ObjectiveC.debug.xcconfig */;
			buildSettings = {
				ASSETCATALOG_COMPILER_APPICON_NAME = AppIcon;
				INFOPLIST_FILE = "DACAdsSDK-FBAudienceNetwork-Sample-ObjectiveC/Info.plist";
				LD_RUNPATH_SEARCH_PATHS = "$(inherited) @executable_path/Frameworks";
				PRODUCT_BUNDLE_IDENTIFIER = "jp.co.dac.DACAdsSDK-FBAudienceNetwork-Sample-ObjectiveC";
				PRODUCT_NAME = "DACAdsSDK-FBAudienceNetwork-Sample-ObjectiveC";
			};
			name = Debug;
		};
		8197CF7B1D0E4CB70032E189 /* Release */ = {
			isa = XCBuildConfiguration;
			baseConfigurationReference = CA4615853479DBDE04A745E5 /* Pods-DACAdsSDK-FBAudienceNetwork-Sample-ObjectiveC.release.xcconfig */;
			buildSettings = {
				ASSETCATALOG_COMPILER_APPICON_NAME = AppIcon;
				INFOPLIST_FILE = "DACAdsSDK-FBAudienceNetwork-Sample-ObjectiveC/Info.plist";
				LD_RUNPATH_SEARCH_PATHS = "$(inherited) @executable_path/Frameworks";
				PRODUCT_BUNDLE_IDENTIFIER = "jp.co.dac.DACAdsSDK-FBAudienceNetwork-Sample-ObjectiveC";
				PRODUCT_NAME = "DACAdsSDK-FBAudienceNetwork-Sample-ObjectiveC";
			};
			name = Release;
		};
		8197CF7D1D0E4CB70032E189 /* Debug */ = {
			isa = XCBuildConfiguration;
			buildSettings = {
				BUNDLE_LOADER = "$(TEST_HOST)";
				INFOPLIST_FILE = "DACAdsSDK-Sample-ObjectiveCTests/Info.plist";
				LD_RUNPATH_SEARCH_PATHS = "$(inherited) @executable_path/Frameworks @loader_path/Frameworks";
				PRODUCT_BUNDLE_IDENTIFIER = "jp.co.dac.DACAdsSDK-Sample-ObjectiveCTests";
				PRODUCT_NAME = "DACAdsSDK-FBAudienceNetwork-Sample-ObjectiveC";
				TEST_HOST = "$(BUILT_PRODUCTS_DIR)/DACAdsSDK-FBAudienceNetwork-Sample-ObjectiveC.app/DACAdsSDK-FBAudienceNetwork-Sample-ObjectiveC";
			};
			name = Debug;
		};
		8197CF7E1D0E4CB70032E189 /* Release */ = {
			isa = XCBuildConfiguration;
			buildSettings = {
				BUNDLE_LOADER = "$(TEST_HOST)";
				INFOPLIST_FILE = "DACAdsSDK-Sample-ObjectiveCTests/Info.plist";
				LD_RUNPATH_SEARCH_PATHS = "$(inherited) @executable_path/Frameworks @loader_path/Frameworks";
				PRODUCT_BUNDLE_IDENTIFIER = "jp.co.dac.DACAdsSDK-Sample-ObjectiveCTests";
				PRODUCT_NAME = "DACAdsSDK-FBAudienceNetwork-Sample-ObjectiveC";
				TEST_HOST = "$(BUILT_PRODUCTS_DIR)/DACAdsSDK-FBAudienceNetwork-Sample-ObjectiveC.app/DACAdsSDK-FBAudienceNetwork-Sample-ObjectiveC";
			};
			name = Release;
		};
/* End XCBuildConfiguration section */

/* Begin XCConfigurationList section */
		8197CF521D0E4CB70032E189 /* Build configuration list for PBXProject "DACAdsSDK-FBAudienceNetwork-Sample-ObjectiveC" */ = {
			isa = XCConfigurationList;
			buildConfigurations = (
				8197CF771D0E4CB70032E189 /* Debug */,
				8197CF781D0E4CB70032E189 /* Release */,
			);
			defaultConfigurationIsVisible = 0;
			defaultConfigurationName = Release;
		};
		8197CF791D0E4CB70032E189 /* Build configuration list for PBXNativeTarget "DACAdsSDK-FBAudienceNetwork-Sample-ObjectiveC" */ = {
			isa = XCConfigurationList;
			buildConfigurations = (
				8197CF7A1D0E4CB70032E189 /* Debug */,
				8197CF7B1D0E4CB70032E189 /* Release */,
			);
			defaultConfigurationIsVisible = 0;
			defaultConfigurationName = Release;
		};
		8197CF7C1D0E4CB70032E189 /* Build configuration list for PBXNativeTarget "DACAdsSDK-FBAudienceNetwork-Sample-ObjectiveCTests" */ = {
			isa = XCConfigurationList;
			buildConfigurations = (
				8197CF7D1D0E4CB70032E189 /* Debug */,
				8197CF7E1D0E4CB70032E189 /* Release */,
			);
			defaultConfigurationIsVisible = 0;
			defaultConfigurationName = Release;
		};
/* End XCConfigurationList section */
	};
	rootObject = 8197CF4F1D0E4CB70032E189 /* Project object */;
}
