// !$*UTF8*$!
{
	archiveVersion = 1;
	classes = {
	};
	objectVersion = 46;
	objects = {

/* Begin PBXBuildFile section */
		F7230ECE1CCDC49700811CEA /* DACSDKMASmartVisionAdPlayer.swift in Sources */ = {isa = PBXBuildFile; fileRef = F7230ECD1CCDC49700811CEA /* DACSDKMASmartVisionAdPlayer.swift */; };
		F7BE3CA21C76A434003E08FB /* main.m in Sources */ = {isa = PBXBuildFile; fileRef = F7BE3CA11C76A434003E08FB /* main.m */; };
		F7BE3CA51C76A434003E08FB /* AppDelegate.m in Sources */ = {isa = PBXBuildFile; fileRef = F7BE3CA41C76A434003E08FB /* AppDelegate.m */; };
		F7BE3CA81C76A434003E08FB /* ViewController.m in Sources */ = {isa = PBXBuildFile; fileRef = F7BE3CA71C76A434003E08FB /* ViewController.m */; };
		F7BE3CAB1C76A435003E08FB /* Main.storyboard in Resources */ = {isa = PBXBuildFile; fileRef = F7BE3CA91C76A435003E08FB /* Main.storyboard */; };
		F7BE3CAD1C76A435003E08FB /* Assets.xcassets in Resources */ = {isa = PBXBuildFile; fileRef = F7BE3CAC1C76A435003E08FB /* Assets.xcassets */; };
		F7BE3CB01C76A435003E08FB /* LaunchScreen.storyboard in Resources */ = {isa = PBXBuildFile; fileRef = F7BE3CAE1C76A435003E08FB /* LaunchScreen.storyboard */; };
		F7BE3CBF1C76A4C3003E08FB /* DACSDKMA.framework in Frameworks */ = {isa = PBXBuildFile; fileRef = F7BE3CB91C76A4C3003E08FB /* DACSDKMA.framework */; };
		F7BE3CC01C76A4C3003E08FB /* DACSDKMAAdControlsView.swift in Sources */ = {isa = PBXBuildFile; fileRef = F7BE3CBB1C76A4C3003E08FB /* DACSDKMAAdControlsView.swift */; };
		F7BE3CC11C76A4C3003E08FB /* DACSDKMAAdDefaultController.swift in Sources */ = {isa = PBXBuildFile; fileRef = F7BE3CBC1C76A4C3003E08FB /* DACSDKMAAdDefaultController.swift */; };
		F7BE3CC21C76A4C3003E08FB /* DACSDKMAAdImageGenerator.swift in Sources */ = {isa = PBXBuildFile; fileRef = F7BE3CBD1C76A4C3003E08FB /* DACSDKMAAdImageGenerator.swift */; };
/* End PBXBuildFile section */

/* Begin PBXFileReference section */
		F7230ECD1CCDC49700811CEA /* DACSDKMASmartVisionAdPlayer.swift */ = {isa = PBXFileReference; fileEncoding = 4; lastKnownFileType = sourcecode.swift; path = DACSDKMASmartVisionAdPlayer.swift; sourceTree = "<group>"; };
		F7BE3C9D1C76A434003E08FB /* DACMASDK-Sample-ObjectiveC-for-iOS7.app */ = {isa = PBXFileReference; explicitFileType = wrapper.application; includeInIndex = 0; path = "DACMASDK-Sample-ObjectiveC-for-iOS7.app"; sourceTree = BUILT_PRODUCTS_DIR; };
		F7BE3CA11C76A434003E08FB /* main.m */ = {isa = PBXFileReference; lastKnownFileType = sourcecode.c.objc; path = main.m; sourceTree = "<group>"; };
		F7BE3CA31C76A434003E08FB /* AppDelegate.h */ = {isa = PBXFileReference; lastKnownFileType = sourcecode.c.h; path = AppDelegate.h; sourceTree = "<group>"; };
		F7BE3CA41C76A434003E08FB /* AppDelegate.m */ = {isa = PBXFileReference; lastKnownFileType = sourcecode.c.objc; path = AppDelegate.m; sourceTree = "<group>"; };
		F7BE3CA61C76A434003E08FB /* ViewController.h */ = {isa = PBXFileReference; lastKnownFileType = sourcecode.c.h; path = ViewController.h; sourceTree = "<group>"; };
		F7BE3CA71C76A434003E08FB /* ViewController.m */ = {isa = PBXFileReference; lastKnownFileType = sourcecode.c.objc; path = ViewController.m; sourceTree = "<group>"; };
		F7BE3CAA1C76A435003E08FB /* Base */ = {isa = PBXFileReference; lastKnownFileType = file.storyboard; name = Base; path = Base.lproj/Main.storyboard; sourceTree = "<group>"; };
		F7BE3CAC1C76A435003E08FB /* Assets.xcassets */ = {isa = PBXFileReference; lastKnownFileType = folder.assetcatalog; path = Assets.xcassets; sourceTree = "<group>"; };
		F7BE3CAF1C76A435003E08FB /* Base */ = {isa = PBXFileReference; lastKnownFileType = file.storyboard; name = Base; path = Base.lproj/LaunchScreen.storyboard; sourceTree = "<group>"; };
		F7BE3CB11C76A435003E08FB /* Info.plist */ = {isa = PBXFileReference; lastKnownFileType = text.plist.xml; path = Info.plist; sourceTree = "<group>"; };
		F7BE3CB91C76A4C3003E08FB /* DACSDKMA.framework */ = {isa = PBXFileReference; lastKnownFileType = wrapper.framework; name = DACSDKMA.framework; path = ../DACSDKMA.framework; sourceTree = "<group>"; };
		F7BE3CBB1C76A4C3003E08FB /* DACSDKMAAdControlsView.swift */ = {isa = PBXFileReference; fileEncoding = 4; lastKnownFileType = sourcecode.swift; path = DACSDKMAAdControlsView.swift; sourceTree = "<group>"; };
		F7BE3CBC1C76A4C3003E08FB /* DACSDKMAAdDefaultController.swift */ = {isa = PBXFileReference; fileEncoding = 4; lastKnownFileType = sourcecode.swift; path = DACSDKMAAdDefaultController.swift; sourceTree = "<group>"; };
		F7BE3CBD1C76A4C3003E08FB /* DACSDKMAAdImageGenerator.swift */ = {isa = PBXFileReference; fileEncoding = 4; lastKnownFileType = sourcecode.swift; path = DACSDKMAAdImageGenerator.swift; sourceTree = "<group>"; };
/* End PBXFileReference section */

/* Begin PBXFrameworksBuildPhase section */
		F7BE3C9A1C76A434003E08FB /* Frameworks */ = {
			isa = PBXFrameworksBuildPhase;
			buildActionMask = 2147483647;
			files = (
				F7BE3CBF1C76A4C3003E08FB /* DACSDKMA.framework in Frameworks */,
			);
			runOnlyForDeploymentPostprocessing = 0;
		};
/* End PBXFrameworksBuildPhase section */

/* Begin PBXGroup section */
		F7BE3C941C76A434003E08FB = {
			isa = PBXGroup;
			children = (
				F7BE3CB71C76A4AA003E08FB /* DACSDKMA */,
				F7BE3C9F1C76A434003E08FB /* DACMASDK-Sample-ObjectiveC-for-iOS7 */,
				F7BE3C9E1C76A434003E08FB /* Products */,
			);
			sourceTree = "<group>";
		};
		F7BE3C9E1C76A434003E08FB /* Products */ = {
			isa = PBXGroup;
			children = (
				F7BE3C9D1C76A434003E08FB /* DACMASDK-Sample-ObjectiveC-for-iOS7.app */,
			);
			name = Products;
			sourceTree = "<group>";
		};
		F7BE3C9F1C76A434003E08FB /* DACMASDK-Sample-ObjectiveC-for-iOS7 */ = {
			isa = PBXGroup;
			children = (
				F7BE3CA31C76A434003E08FB /* AppDelegate.h */,
				F7BE3CA41C76A434003E08FB /* AppDelegate.m */,
				F7BE3CA61C76A434003E08FB /* ViewController.h */,
				F7BE3CA71C76A434003E08FB /* ViewController.m */,
				F7BE3CA91C76A435003E08FB /* Main.storyboard */,
				F7BE3CAC1C76A435003E08FB /* Assets.xcassets */,
				F7BE3CAE1C76A435003E08FB /* LaunchScreen.storyboard */,
				F7BE3CB11C76A435003E08FB /* Info.plist */,
				F7BE3CA01C76A434003E08FB /* Supporting Files */,
			);
			path = "DACMASDK-Sample-ObjectiveC-for-iOS7";
			sourceTree = "<group>";
		};
		F7BE3CA01C76A434003E08FB /* Supporting Files */ = {
			isa = PBXGroup;
			children = (
				F7BE3CA11C76A434003E08FB /* main.m */,
			);
			name = "Supporting Files";
			sourceTree = "<group>";
		};
		F7BE3CB71C76A4AA003E08FB /* DACSDKMA */ = {
			isa = PBXGroup;
			children = (
				F7BE3CB81C76A4C3003E08FB /* static */,
			);
			name = DACSDKMA;
			path = "../#sdks/DACSDKMA";
			sourceTree = "<group>";
		};
		F7BE3CB81C76A4C3003E08FB /* static */ = {
			isa = PBXGroup;
			children = (
				F7BE3CB91C76A4C3003E08FB /* DACSDKMA.framework */,
				F7BE3CBA1C76A4C3003E08FB /* src */,
			);
			name = static;
			path = "/Users/kenjiro-matsuzaki/Desktop/ios_sdk_samples/#sdks/DACSDKMA/static/src";
			sourceTree = "<absolute>";
		};
		F7BE3CBA1C76A4C3003E08FB /* src */ = {
			isa = PBXGroup;
			children = (
				F7BE3CBB1C76A4C3003E08FB /* DACSDKMAAdControlsView.swift */,
				F7BE3CBC1C76A4C3003E08FB /* DACSDKMAAdDefaultController.swift */,
				F7BE3CBD1C76A4C3003E08FB /* DACSDKMAAdImageGenerator.swift */,
				F7230ECD1CCDC49700811CEA /* DACSDKMASmartVisionAdPlayer.swift */,
			);
			name = src;
			sourceTree = "<group>";
		};
/* End PBXGroup section */

/* Begin PBXNativeTarget section */
		F7BE3C9C1C76A434003E08FB /* DACMASDK-Sample-ObjectiveC-for-iOS7 */ = {
			isa = PBXNativeTarget;
			buildConfigurationList = F7BE3CB41C76A435003E08FB /* Build configuration list for PBXNativeTarget "DACMASDK-Sample-ObjectiveC-for-iOS7" */;
			buildPhases = (
				F7BE3C991C76A434003E08FB /* Sources */,
				F7BE3C9A1C76A434003E08FB /* Frameworks */,
				F7BE3C9B1C76A434003E08FB /* Resources */,
			);
			buildRules = (
			);
			dependencies = (
			);
			name = "DACMASDK-Sample-ObjectiveC-for-iOS7";
			productName = "DACSDKMA-SamplePlayer-ObjectiveC-for-iOS7";
			productReference = F7BE3C9D1C76A434003E08FB /* DACMASDK-Sample-ObjectiveC-for-iOS7.app */;
			productType = "com.apple.product-type.application";
		};
/* End PBXNativeTarget section */

/* Begin PBXProject section */
		F7BE3C951C76A434003E08FB /* Project object */ = {
			isa = PBXProject;
			attributes = {
				LastUpgradeCheck = 0720;
				ORGANIZATIONNAME = "D.A.Consortium Inc.";
				TargetAttributes = {
					F7BE3C9C1C76A434003E08FB = {
						CreatedOnToolsVersion = 7.2.1;
					};
				};
			};
			buildConfigurationList = F7BE3C981C76A434003E08FB /* Build configuration list for PBXProject "DACMASDK-Sample-ObjectiveC-for-iOS7" */;
			compatibilityVersion = "Xcode 3.2";
			developmentRegion = English;
			hasScannedForEncodings = 0;
			knownRegions = (
				en,
				Base,
			);
			mainGroup = F7BE3C941C76A434003E08FB;
			productRefGroup = F7BE3C9E1C76A434003E08FB /* Products */;
			projectDirPath = "";
			projectRoot = "";
			targets = (
				F7BE3C9C1C76A434003E08FB /* DACMASDK-Sample-ObjectiveC-for-iOS7 */,
			);
		};
/* End PBXProject section */

/* Begin PBXResourcesBuildPhase section */
		F7BE3C9B1C76A434003E08FB /* Resources */ = {
			isa = PBXResourcesBuildPhase;
			buildActionMask = 2147483647;
			files = (
				F7BE3CB01C76A435003E08FB /* LaunchScreen.storyboard in Resources */,
				F7BE3CAD1C76A435003E08FB /* Assets.xcassets in Resources */,
				F7BE3CAB1C76A435003E08FB /* Main.storyboard in Resources */,
			);
			runOnlyForDeploymentPostprocessing = 0;
		};
/* End PBXResourcesBuildPhase section */

/* Begin PBXSourcesBuildPhase section */
		F7BE3C991C76A434003E08FB /* Sources */ = {
			isa = PBXSourcesBuildPhase;
			buildActionMask = 2147483647;
			files = (
				F7230ECE1CCDC49700811CEA /* DACSDKMASmartVisionAdPlayer.swift in Sources */,
				F7BE3CA81C76A434003E08FB /* ViewController.m in Sources */,
				F7BE3CC11C76A4C3003E08FB /* DACSDKMAAdDefaultController.swift in Sources */,
				F7BE3CC21C76A4C3003E08FB /* DACSDKMAAdImageGenerator.swift in Sources */,
				F7BE3CA51C76A434003E08FB /* AppDelegate.m in Sources */,
				F7BE3CA21C76A434003E08FB /* main.m in Sources */,
				F7BE3CC01C76A4C3003E08FB /* DACSDKMAAdControlsView.swift in Sources */,
			);
			runOnlyForDeploymentPostprocessing = 0;
		};
/* End PBXSourcesBuildPhase section */

/* Begin PBXVariantGroup section */
		F7BE3CA91C76A435003E08FB /* Main.storyboard */ = {
			isa = PBXVariantGroup;
			children = (
				F7BE3CAA1C76A435003E08FB /* Base */,
			);
			name = Main.storyboard;
			sourceTree = "<group>";
		};
		F7BE3CAE1C76A435003E08FB /* LaunchScreen.storyboard */ = {
			isa = PBXVariantGroup;
			children = (
				F7BE3CAF1C76A435003E08FB /* Base */,
			);
			name = LaunchScreen.storyboard;
			sourceTree = "<group>";
		};
/* End PBXVariantGroup section */

/* Begin XCBuildConfiguration section */
		F7BE3CB21C76A435003E08FB /* Debug */ = {
			isa = XCBuildConfiguration;
			buildSettings = {
				ALWAYS_SEARCH_USER_PATHS = NO;
				CLANG_CXX_LANGUAGE_STANDARD = "gnu++0x";
				CLANG_CXX_LIBRARY = "libc++";
				CLANG_ENABLE_MODULES = YES;
				CLANG_ENABLE_OBJC_ARC = YES;
				CLANG_WARN_BOOL_CONVERSION = YES;
				CLANG_WARN_CONSTANT_CONVERSION = YES;
				CLANG_WARN_DIRECT_OBJC_ISA_USAGE = YES_ERROR;
				CLANG_WARN_EMPTY_BODY = YES;
				CLANG_WARN_ENUM_CONVERSION = YES;
				CLANG_WARN_INT_CONVERSION = YES;
				CLANG_WARN_OBJC_ROOT_CLASS = YES_ERROR;
				CLANG_WARN_UNREACHABLE_CODE = YES;
				CLANG_WARN__DUPLICATE_METHOD_MATCH = YES;
				"CODE_SIGN_IDENTITY[sdk=iphoneos*]" = "iPhone Developer";
				COPY_PHASE_STRIP = NO;
				DEBUG_INFORMATION_FORMAT = dwarf;
				ENABLE_STRICT_OBJC_MSGSEND = YES;
				ENABLE_TESTABILITY = YES;
				FRAMEWORK_SEARCH_PATHS = "$(SRCROOT)/../../../lib/DACSDKMA/static";
				GCC_C_LANGUAGE_STANDARD = gnu99;
				GCC_DYNAMIC_NO_PIC = NO;
				GCC_NO_COMMON_BLOCKS = YES;
				GCC_OPTIMIZATION_LEVEL = 0;
				GCC_PREPROCESSOR_DEFINITIONS = (
					"DEBUG=1",
					"$(inherited)",
				);
				GCC_WARN_64_TO_32_BIT_CONVERSION = YES;
				GCC_WARN_ABOUT_RETURN_TYPE = YES_ERROR;
				GCC_WARN_UNDECLARED_SELECTOR = YES;
				GCC_WARN_UNINITIALIZED_AUTOS = YES_AGGRESSIVE;
				GCC_WARN_UNUSED_FUNCTION = YES;
				GCC_WARN_UNUSED_VARIABLE = YES;
				IPHONEOS_DEPLOYMENT_TARGET = 7.0;
				MTL_ENABLE_DEBUG_INFO = YES;
				ONLY_ACTIVE_ARCH = YES;
				OTHER_LDFLAGS = (
					"-ObjC",
					"-all_load",
				);
				SDKROOT = iphoneos;
				TARGETED_DEVICE_FAMILY = "1,2";
			};
			name = Debug;
		};
		F7BE3CB31C76A435003E08FB /* Release */ = {
			isa = XCBuildConfiguration;
			buildSettings = {
				ALWAYS_SEARCH_USER_PATHS = NO;
				CLANG_CXX_LANGUAGE_STANDARD = "gnu++0x";
				CLANG_CXX_LIBRARY = "libc++";
				CLANG_ENABLE_MODULES = YES;
				CLANG_ENABLE_OBJC_ARC = YES;
				CLANG_WARN_BOOL_CONVERSION = YES;
				CLANG_WARN_CONSTANT_CONVERSION = YES;
				CLANG_WARN_DIRECT_OBJC_ISA_USAGE = YES_ERROR;
				CLANG_WARN_EMPTY_BODY = YES;
				CLANG_WARN_ENUM_CONVERSION = YES;
				CLANG_WARN_INT_CONVERSION = YES;
				CLANG_WARN_OBJC_ROOT_CLASS = YES_ERROR;
				CLANG_WARN_UNREACHABLE_CODE = YES;
				CLANG_WARN__DUPLICATE_METHOD_MATCH = YES;
				"CODE_SIGN_IDENTITY[sdk=iphoneos*]" = "iPhone Developer";
				COPY_PHASE_STRIP = NO;
				DEBUG_INFORMATION_FORMAT = "dwarf-with-dsym";
				ENABLE_NS_ASSERTIONS = NO;
				ENABLE_STRICT_OBJC_MSGSEND = YES;
				FRAMEWORK_SEARCH_PATHS = "$(SRCROOT)/../../../lib/DACSDKMA/static";
				GCC_C_LANGUAGE_STANDARD = gnu99;
				GCC_NO_COMMON_BLOCKS = YES;
				GCC_WARN_64_TO_32_BIT_CONVERSION = YES;
				GCC_WARN_ABOUT_RETURN_TYPE = YES_ERROR;
				GCC_WARN_UNDECLARED_SELECTOR = YES;
				GCC_WARN_UNINITIALIZED_AUTOS = YES_AGGRESSIVE;
				GCC_WARN_UNUSED_FUNCTION = YES;
				GCC_WARN_UNUSED_VARIABLE = YES;
				IPHONEOS_DEPLOYMENT_TARGET = 7.0;
				MTL_ENABLE_DEBUG_INFO = NO;
				OTHER_LDFLAGS = (
					"-ObjC",
					"-all_load",
				);
				SDKROOT = iphoneos;
				TARGETED_DEVICE_FAMILY = "1,2";
				VALIDATE_PRODUCT = YES;
			};
			name = Release;
		};
		F7BE3CB51C76A435003E08FB /* Debug */ = {
			isa = XCBuildConfiguration;
			buildSettings = {
				ASSETCATALOG_COMPILER_APPICON_NAME = AppIcon;
				FRAMEWORK_SEARCH_PATHS = "$(SRCROOT)/../#sdks/DACSDKMA/static";
				INFOPLIST_FILE = "DACMASDK-Sample-ObjectiveC-for-iOS7/Info.plist";
				LD_RUNPATH_SEARCH_PATHS = "$(inherited) @executable_path/Frameworks";
				OTHER_LDFLAGS = "";
				PRODUCT_BUNDLE_IDENTIFIER = "jp.co.dac.DACMASDK-Sample-ObjectiveC-for-iOS7";
				PRODUCT_NAME = "DACMASDK-Sample-ObjectiveC-for-iOS7";
			};
			name = Debug;
		};
		F7BE3CB61C76A435003E08FB /* Release */ = {
			isa = XCBuildConfiguration;
			buildSettings = {
				ASSETCATALOG_COMPILER_APPICON_NAME = AppIcon;
				FRAMEWORK_SEARCH_PATHS = "$(SRCROOT)/../#sdks/DACSDKMA/static";
				INFOPLIST_FILE = "DACMASDK-Sample-ObjectiveC-for-iOS7/Info.plist";
				LD_RUNPATH_SEARCH_PATHS = "$(inherited) @executable_path/Frameworks";
				OTHER_LDFLAGS = "";
				PRODUCT_BUNDLE_IDENTIFIER = "jp.co.dac.DACMASDK-Sample-ObjectiveC-for-iOS7";
				PRODUCT_NAME = "DACMASDK-Sample-ObjectiveC-for-iOS7";
			};
			name = Release;
		};
/* End XCBuildConfiguration section */

/* Begin XCConfigurationList section */
		F7BE3C981C76A434003E08FB /* Build configuration list for PBXProject "DACMASDK-Sample-ObjectiveC-for-iOS7" */ = {
			isa = XCConfigurationList;
			buildConfigurations = (
				F7BE3CB21C76A435003E08FB /* Debug */,
				F7BE3CB31C76A435003E08FB /* Release */,
			);
			defaultConfigurationIsVisible = 0;
			defaultConfigurationName = Release;
		};
		F7BE3CB41C76A435003E08FB /* Build configuration list for PBXNativeTarget "DACMASDK-Sample-ObjectiveC-for-iOS7" */ = {
			isa = XCConfigurationList;
			buildConfigurations = (
				F7BE3CB51C76A435003E08FB /* Debug */,
				F7BE3CB61C76A435003E08FB /* Release */,
			);
			defaultConfigurationIsVisible = 0;
			defaultConfigurationName = Release;
		};
/* End XCConfigurationList section */
	};
	rootObject = F7BE3C951C76A434003E08FB /* Project object */;
}
