// !$*UTF8*$!
{
	archiveVersion = 1;
	classes = {
	};
	objectVersion = 46;
	objects = {

/* Begin PBXBuildFile section */
		81A061BB1D2A49E100197E8A /* main.m in Sources */ = {isa = PBXBuildFile; fileRef = 81A061BA1D2A49E100197E8A /* main.m */; };
		81A061BE1D2A49E100197E8A /* AppDelegate.m in Sources */ = {isa = PBXBuildFile; fileRef = 81A061BD1D2A49E100197E8A /* AppDelegate.m */; };
		81A061C11D2A49E100197E8A /* ViewController.m in Sources */ = {isa = PBXBuildFile; fileRef = 81A061C01D2A49E100197E8A /* ViewController.m */; };
		81A061C41D2A49E100197E8A /* Main.storyboard in Resources */ = {isa = PBXBuildFile; fileRef = 81A061C21D2A49E100197E8A /* Main.storyboard */; };
		81A061C61D2A49E100197E8A /* Assets.xcassets in Resources */ = {isa = PBXBuildFile; fileRef = 81A061C51D2A49E100197E8A /* Assets.xcassets */; };
		81A061C91D2A49E100197E8A /* LaunchScreen.storyboard in Resources */ = {isa = PBXBuildFile; fileRef = 81A061C71D2A49E100197E8A /* LaunchScreen.storyboard */; };
		F7FB7F341E890E1300D737D9 /* DACSDKNativeAd.framework in Frameworks */ = {isa = PBXBuildFile; fileRef = F7FB7F331E890E1300D737D9 /* DACSDKNativeAd.framework */; };
		F7FB7F351E890E1300D737D9 /* DACSDKNativeAd.framework in Embed Frameworks */ = {isa = PBXBuildFile; fileRef = F7FB7F331E890E1300D737D9 /* DACSDKNativeAd.framework */; settings = {ATTRIBUTES = (CodeSignOnCopy, RemoveHeadersOnCopy, ); }; };
/* End PBXBuildFile section */

/* Begin PBXContainerItemProxy section */
		81A061D01D2A49E200197E8A /* PBXContainerItemProxy */ = {
			isa = PBXContainerItemProxy;
			containerPortal = 81A061AE1D2A49E100197E8A /* Project object */;
			proxyType = 1;
			remoteGlobalIDString = 81A061B51D2A49E100197E8A;
			remoteInfo = "DACNativeAdSDK-Sample-ObjectiveC";
		};
/* End PBXContainerItemProxy section */

/* Begin PBXCopyFilesBuildPhase section */
		8124077A1D2A6901009BFD81 /* Embed Frameworks */ = {
			isa = PBXCopyFilesBuildPhase;
			buildActionMask = 2147483647;
			dstPath = "";
			dstSubfolderSpec = 10;
			files = (
				F7FB7F351E890E1300D737D9 /* DACSDKNativeAd.framework in Embed Frameworks */,
			);
			name = "Embed Frameworks";
			runOnlyForDeploymentPostprocessing = 0;
		};
/* End PBXCopyFilesBuildPhase section */

/* Begin PBXFileReference section */
		81A061B61D2A49E100197E8A /* DACNativeAdSDK-Sample-ObjectiveC.app */ = {isa = PBXFileReference; explicitFileType = wrapper.application; includeInIndex = 0; path = "DACNativeAdSDK-Sample-ObjectiveC.app"; sourceTree = BUILT_PRODUCTS_DIR; };
		81A061BA1D2A49E100197E8A /* main.m */ = {isa = PBXFileReference; lastKnownFileType = sourcecode.c.objc; path = main.m; sourceTree = "<group>"; };
		81A061BC1D2A49E100197E8A /* AppDelegate.h */ = {isa = PBXFileReference; lastKnownFileType = sourcecode.c.h; path = AppDelegate.h; sourceTree = "<group>"; };
		81A061BD1D2A49E100197E8A /* AppDelegate.m */ = {isa = PBXFileReference; lastKnownFileType = sourcecode.c.objc; path = AppDelegate.m; sourceTree = "<group>"; };
		81A061BF1D2A49E100197E8A /* ViewController.h */ = {isa = PBXFileReference; lastKnownFileType = sourcecode.c.h; path = ViewController.h; sourceTree = "<group>"; };
		81A061C01D2A49E100197E8A /* ViewController.m */ = {isa = PBXFileReference; lastKnownFileType = sourcecode.c.objc; path = ViewController.m; sourceTree = "<group>"; };
		81A061C31D2A49E100197E8A /* Base */ = {isa = PBXFileReference; lastKnownFileType = file.storyboard; name = Base; path = Base.lproj/Main.storyboard; sourceTree = "<group>"; };
		81A061C51D2A49E100197E8A /* Assets.xcassets */ = {isa = PBXFileReference; lastKnownFileType = folder.assetcatalog; path = Assets.xcassets; sourceTree = "<group>"; };
		81A061C81D2A49E100197E8A /* Base */ = {isa = PBXFileReference; lastKnownFileType = file.storyboard; name = Base; path = Base.lproj/LaunchScreen.storyboard; sourceTree = "<group>"; };
		81A061CA1D2A49E100197E8A /* Info.plist */ = {isa = PBXFileReference; lastKnownFileType = text.plist.xml; path = Info.plist; sourceTree = "<group>"; };
		81A061CF1D2A49E200197E8A /* DACNativeAdSDK-Sample-ObjectiveCTests.xctest */ = {isa = PBXFileReference; explicitFileType = wrapper.cfbundle; includeInIndex = 0; path = "DACNativeAdSDK-Sample-ObjectiveCTests.xctest"; sourceTree = BUILT_PRODUCTS_DIR; };
		F7FB7F331E890E1300D737D9 /* DACSDKNativeAd.framework */ = {isa = PBXFileReference; lastKnownFileType = wrapper.framework; name = DACSDKNativeAd.framework; path = "../../../#lib/DACSDKNativeAd/universal/DACSDKNativeAd.framework"; sourceTree = "<group>"; };
/* End PBXFileReference section */

/* Begin PBXFrameworksBuildPhase section */
		81A061B31D2A49E100197E8A /* Frameworks */ = {
			isa = PBXFrameworksBuildPhase;
			buildActionMask = 2147483647;
			files = (
				F7FB7F341E890E1300D737D9 /* DACSDKNativeAd.framework in Frameworks */,
			);
			runOnlyForDeploymentPostprocessing = 0;
		};
		81A061CC1D2A49E200197E8A /* Frameworks */ = {
			isa = PBXFrameworksBuildPhase;
			buildActionMask = 2147483647;
			files = (
			);
			runOnlyForDeploymentPostprocessing = 0;
		};
/* End PBXFrameworksBuildPhase section */

/* Begin PBXGroup section */
		81A061AD1D2A49E100197E8A = {
			isa = PBXGroup;
			children = (
				F7FB7F331E890E1300D737D9 /* DACSDKNativeAd.framework */,
				81A061B81D2A49E100197E8A /* DACNativeAdSDK-Sample-ObjectiveC */,
				81A061B71D2A49E100197E8A /* Products */,
			);
			sourceTree = "<group>";
			wrapsLines = 1;
		};
		81A061B71D2A49E100197E8A /* Products */ = {
			isa = PBXGroup;
			children = (
				81A061B61D2A49E100197E8A /* DACNativeAdSDK-Sample-ObjectiveC.app */,
				81A061CF1D2A49E200197E8A /* DACNativeAdSDK-Sample-ObjectiveCTests.xctest */,
			);
			name = Products;
			sourceTree = "<group>";
		};
		81A061B81D2A49E100197E8A /* DACNativeAdSDK-Sample-ObjectiveC */ = {
			isa = PBXGroup;
			children = (
				81A061BC1D2A49E100197E8A /* AppDelegate.h */,
				81A061BD1D2A49E100197E8A /* AppDelegate.m */,
				81A061BF1D2A49E100197E8A /* ViewController.h */,
				81A061C01D2A49E100197E8A /* ViewController.m */,
				81A061C21D2A49E100197E8A /* Main.storyboard */,
				81A061C51D2A49E100197E8A /* Assets.xcassets */,
				81A061C71D2A49E100197E8A /* LaunchScreen.storyboard */,
				81A061CA1D2A49E100197E8A /* Info.plist */,
				81A061B91D2A49E100197E8A /* Supporting Files */,
			);
			path = "DACNativeAdSDK-Sample-ObjectiveC";
			sourceTree = "<group>";
		};
		81A061B91D2A49E100197E8A /* Supporting Files */ = {
			isa = PBXGroup;
			children = (
				81A061BA1D2A49E100197E8A /* main.m */,
			);
			name = "Supporting Files";
			sourceTree = "<group>";
		};
/* End PBXGroup section */

/* Begin PBXNativeTarget section */
		81A061B51D2A49E100197E8A /* DACNativeAdSDK-Sample-ObjectiveC */ = {
			isa = PBXNativeTarget;
			buildConfigurationList = 81A061D81D2A49E200197E8A /* Build configuration list for PBXNativeTarget "DACNativeAdSDK-Sample-ObjectiveC" */;
			buildPhases = (
				81A061B21D2A49E100197E8A /* Sources */,
				81A061B31D2A49E100197E8A /* Frameworks */,
				81A061B41D2A49E100197E8A /* Resources */,
				8124077A1D2A6901009BFD81 /* Embed Frameworks */,
			);
			buildRules = (
			);
			dependencies = (
			);
			name = "DACNativeAdSDK-Sample-ObjectiveC";
			productName = "DACNativeAdSDK-Sample-ObjectiveC";
			productReference = 81A061B61D2A49E100197E8A /* DACNativeAdSDK-Sample-ObjectiveC.app */;
			productType = "com.apple.product-type.application";
		};
		81A061CE1D2A49E200197E8A /* DACNativeAdSDK-Sample-ObjectiveCTests */ = {
			isa = PBXNativeTarget;
			buildConfigurationList = 81A061DB1D2A49E200197E8A /* Build configuration list for PBXNativeTarget "DACNativeAdSDK-Sample-ObjectiveCTests" */;
			buildPhases = (
				81A061CB1D2A49E200197E8A /* Sources */,
				81A061CC1D2A49E200197E8A /* Frameworks */,
				81A061CD1D2A49E200197E8A /* Resources */,
			);
			buildRules = (
			);
			dependencies = (
				81A061D11D2A49E200197E8A /* PBXTargetDependency */,
			);
			name = "DACNativeAdSDK-Sample-ObjectiveCTests";
			productName = "DACNativeAdSDK-Sample-ObjectiveCTests";
			productReference = 81A061CF1D2A49E200197E8A /* DACNativeAdSDK-Sample-ObjectiveCTests.xctest */;
			productType = "com.apple.product-type.bundle.unit-test";
		};
/* End PBXNativeTarget section */

/* Begin PBXProject section */
		81A061AE1D2A49E100197E8A /* Project object */ = {
			isa = PBXProject;
			attributes = {
				LastUpgradeCheck = 0820;
				ORGANIZATIONNAME = "D.A.Consortium Inc.";
				TargetAttributes = {
					81A061B51D2A49E100197E8A = {
						CreatedOnToolsVersion = 7.3.1;
					};
					81A061CE1D2A49E200197E8A = {
						CreatedOnToolsVersion = 7.3.1;
						TestTargetID = 81A061B51D2A49E100197E8A;
					};
				};
			};
			buildConfigurationList = 81A061B11D2A49E100197E8A /* Build configuration list for PBXProject "DACNativeAdSDK-Sample-ObjectiveC" */;
			compatibilityVersion = "Xcode 3.2";
			developmentRegion = English;
			hasScannedForEncodings = 0;
			knownRegions = (
				en,
				Base,
			);
			mainGroup = 81A061AD1D2A49E100197E8A;
			productRefGroup = 81A061B71D2A49E100197E8A /* Products */;
			projectDirPath = "";
			projectRoot = "";
			targets = (
				81A061B51D2A49E100197E8A /* DACNativeAdSDK-Sample-ObjectiveC */,
				81A061CE1D2A49E200197E8A /* DACNativeAdSDK-Sample-ObjectiveCTests */,
			);
		};
/* End PBXProject section */

/* Begin PBXResourcesBuildPhase section */
		81A061B41D2A49E100197E8A /* Resources */ = {
			isa = PBXResourcesBuildPhase;
			buildActionMask = 2147483647;
			files = (
				81A061C91D2A49E100197E8A /* LaunchScreen.storyboard in Resources */,
				81A061C61D2A49E100197E8A /* Assets.xcassets in Resources */,
				81A061C41D2A49E100197E8A /* Main.storyboard in Resources */,
			);
			runOnlyForDeploymentPostprocessing = 0;
		};
		81A061CD1D2A49E200197E8A /* Resources */ = {
			isa = PBXResourcesBuildPhase;
			buildActionMask = 2147483647;
			files = (
			);
			runOnlyForDeploymentPostprocessing = 0;
		};
/* End PBXResourcesBuildPhase section */

/* Begin PBXSourcesBuildPhase section */
		81A061B21D2A49E100197E8A /* Sources */ = {
			isa = PBXSourcesBuildPhase;
			buildActionMask = 2147483647;
			files = (
				81A061C11D2A49E100197E8A /* ViewController.m in Sources */,
				81A061BE1D2A49E100197E8A /* AppDelegate.m in Sources */,
				81A061BB1D2A49E100197E8A /* main.m in Sources */,
			);
			runOnlyForDeploymentPostprocessing = 0;
		};
		81A061CB1D2A49E200197E8A /* Sources */ = {
			isa = PBXSourcesBuildPhase;
			buildActionMask = 2147483647;
			files = (
			);
			runOnlyForDeploymentPostprocessing = 0;
		};
/* End PBXSourcesBuildPhase section */

/* Begin PBXTargetDependency section */
		81A061D11D2A49E200197E8A /* PBXTargetDependency */ = {
			isa = PBXTargetDependency;
			target = 81A061B51D2A49E100197E8A /* DACNativeAdSDK-Sample-ObjectiveC */;
			targetProxy = 81A061D01D2A49E200197E8A /* PBXContainerItemProxy */;
		};
/* End PBXTargetDependency section */

/* Begin PBXVariantGroup section */
		81A061C21D2A49E100197E8A /* Main.storyboard */ = {
			isa = PBXVariantGroup;
			children = (
				81A061C31D2A49E100197E8A /* Base */,
			);
			name = Main.storyboard;
			sourceTree = "<group>";
		};
		81A061C71D2A49E100197E8A /* LaunchScreen.storyboard */ = {
			isa = PBXVariantGroup;
			children = (
				81A061C81D2A49E100197E8A /* Base */,
			);
			name = LaunchScreen.storyboard;
			sourceTree = "<group>";
		};
/* End PBXVariantGroup section */

/* Begin XCBuildConfiguration section */
		81A061D61D2A49E200197E8A /* Debug */ = {
			isa = XCBuildConfiguration;
			buildSettings = {
				ALWAYS_EMBED_SWIFT_STANDARD_LIBRARIES = YES;
				ALWAYS_SEARCH_USER_PATHS = NO;
				CLANG_ANALYZER_NONNULL = YES;
				CLANG_CXX_LANGUAGE_STANDARD = "gnu++0x";
				CLANG_CXX_LIBRARY = "libc++";
				CLANG_ENABLE_MODULES = YES;
				CLANG_ENABLE_OBJC_ARC = YES;
				CLANG_WARN_BOOL_CONVERSION = YES;
				CLANG_WARN_CONSTANT_CONVERSION = YES;
				CLANG_WARN_DIRECT_OBJC_ISA_USAGE = YES_ERROR;
				CLANG_WARN_EMPTY_BODY = YES;
				CLANG_WARN_ENUM_CONVERSION = YES;
				CLANG_WARN_INFINITE_RECURSION = YES;
				CLANG_WARN_INT_CONVERSION = YES;
				CLANG_WARN_OBJC_ROOT_CLASS = YES_ERROR;
				CLANG_WARN_SUSPICIOUS_MOVE = YES;
				CLANG_WARN_UNREACHABLE_CODE = YES;
				CLANG_WARN__DUPLICATE_METHOD_MATCH = YES;
				"CODE_SIGN_IDENTITY[sdk=iphoneos*]" = "iPhone Developer";
				COPY_PHASE_STRIP = NO;
				DEBUG_INFORMATION_FORMAT = dwarf;
				ENABLE_STRICT_OBJC_MSGSEND = YES;
				ENABLE_TESTABILITY = YES;
				GCC_C_LANGUAGE_STANDARD = gnu99;
				GCC_DYNAMIC_NO_PIC = NO;
				GCC_NO_COMMON_BLOCKS = YES;
				GCC_OPTIMIZATION_LEVEL = 0;
				GCC_PREPROCESSOR_DEFINITIONS = (
					"DEBUG=1",
					"$(inherited)",
				);
				GCC_WARN_64_TO_32_BIT_CONVERSION = YES;
				GCC_WARN_ABOUT_RETURN_TYPE = YES_ERROR;
				GCC_WARN_UNDECLARED_SELECTOR = YES;
				GCC_WARN_UNINITIALIZED_AUTOS = YES_AGGRESSIVE;
				GCC_WARN_UNUSED_FUNCTION = YES;
				GCC_WARN_UNUSED_VARIABLE = YES;
				IPHONEOS_DEPLOYMENT_TARGET = 9.3;
				MTL_ENABLE_DEBUG_INFO = YES;
				ONLY_ACTIVE_ARCH = YES;
				SDKROOT = iphoneos;
				TARGETED_DEVICE_FAMILY = "1,2";
			};
			name = Debug;
		};
		81A061D71D2A49E200197E8A /* Release */ = {
			isa = XCBuildConfiguration;
			buildSettings = {
				ALWAYS_EMBED_SWIFT_STANDARD_LIBRARIES = YES;
				ALWAYS_SEARCH_USER_PATHS = NO;
				CLANG_ANALYZER_NONNULL = YES;
				CLANG_CXX_LANGUAGE_STANDARD = "gnu++0x";
				CLANG_CXX_LIBRARY = "libc++";
				CLANG_ENABLE_MODULES = YES;
				CLANG_ENABLE_OBJC_ARC = YES;
				CLANG_WARN_BOOL_CONVERSION = YES;
				CLANG_WARN_CONSTANT_CONVERSION = YES;
				CLANG_WARN_DIRECT_OBJC_ISA_USAGE = YES_ERROR;
				CLANG_WARN_EMPTY_BODY = YES;
				CLANG_WARN_ENUM_CONVERSION = YES;
				CLANG_WARN_INFINITE_RECURSION = YES;
				CLANG_WARN_INT_CONVERSION = YES;
				CLANG_WARN_OBJC_ROOT_CLASS = YES_ERROR;
				CLANG_WARN_SUSPICIOUS_MOVE = YES;
				CLANG_WARN_UNREACHABLE_CODE = YES;
				CLANG_WARN__DUPLICATE_METHOD_MATCH = YES;
				"CODE_SIGN_IDENTITY[sdk=iphoneos*]" = "iPhone Developer";
				COPY_PHASE_STRIP = NO;
				DEBUG_INFORMATION_FORMAT = "dwarf-with-dsym";
				ENABLE_NS_ASSERTIONS = NO;
				ENABLE_STRICT_OBJC_MSGSEND = YES;
				GCC_C_LANGUAGE_STANDARD = gnu99;
				GCC_NO_COMMON_BLOCKS = YES;
				GCC_WARN_64_TO_32_BIT_CONVERSION = YES;
				GCC_WARN_ABOUT_RETURN_TYPE = YES_ERROR;
				GCC_WARN_UNDECLARED_SELECTOR = YES;
				GCC_WARN_UNINITIALIZED_AUTOS = YES_AGGRESSIVE;
				GCC_WARN_UNUSED_FUNCTION = YES;
				GCC_WARN_UNUSED_VARIABLE = YES;
				IPHONEOS_DEPLOYMENT_TARGET = 9.3;
				MTL_ENABLE_DEBUG_INFO = NO;
				SDKROOT = iphoneos;
				TARGETED_DEVICE_FAMILY = "1,2";
				VALIDATE_PRODUCT = YES;
			};
			name = Release;
		};
		81A061D91D2A49E200197E8A /* Debug */ = {
			isa = XCBuildConfiguration;
			buildSettings = {
				ASSETCATALOG_COMPILER_APPICON_NAME = AppIcon;
				CLANG_ENABLE_MODULES = YES;
				FRAMEWORK_SEARCH_PATHS = "$(SRCROOT)/../../../#lib/DACSDKNativeAd/universal/";
				INFOPLIST_FILE = "DACNativeAdSDK-Sample-ObjectiveC/Info.plist";
				INSTALL_PATH = "@rpath";
				LD_RUNPATH_SEARCH_PATHS = "$(inherited) @loader_path/../Frameworks/ @executable_path/Frameworks";
				OTHER_LDFLAGS = (
					"-all_load",
					"-ObjC",
				);
				PRODUCT_BUNDLE_IDENTIFIER = "jp.co.dac.DACNativeAdSDK-Sample-ObjectiveC";
				PRODUCT_NAME = "$(TARGET_NAME)";
				SWIFT_OPTIMIZATION_LEVEL = "-Onone";
			};
			name = Debug;
		};
		81A061DA1D2A49E200197E8A /* Release */ = {
			isa = XCBuildConfiguration;
			buildSettings = {
				ASSETCATALOG_COMPILER_APPICON_NAME = AppIcon;
				CLANG_ENABLE_MODULES = YES;
				FRAMEWORK_SEARCH_PATHS = "$(SRCROOT)/../../../#lib/DACSDKNativeAd/universal/";
				INFOPLIST_FILE = "DACNativeAdSDK-Sample-ObjectiveC/Info.plist";
				INSTALL_PATH = "@rpath";
				LD_RUNPATH_SEARCH_PATHS = "$(inherited) @loader_path/../Frameworks/ @executable_path/Frameworks";
				OTHER_LDFLAGS = (
					"-all_load",
					"-ObjC",
				);
				PRODUCT_BUNDLE_IDENTIFIER = "jp.co.dac.DACNativeAdSDK-Sample-ObjectiveC";
				PRODUCT_NAME = "$(TARGET_NAME)";
			};
			name = Release;
		};
		81A061DC1D2A49E200197E8A /* Debug */ = {
			isa = XCBuildConfiguration;
			buildSettings = {
				BUNDLE_LOADER = "$(TEST_HOST)";
				INFOPLIST_FILE = "DACNativeAdSDK-Sample-ObjectiveCTests/Info.plist";
				LD_RUNPATH_SEARCH_PATHS = "$(inherited) @executable_path/Frameworks @loader_path/Frameworks";
				PRODUCT_BUNDLE_IDENTIFIER = "jp.co.dac.DACNativeAdSDK-Sample-ObjectiveCTests";
				PRODUCT_NAME = "$(TARGET_NAME)";
				TEST_HOST = "$(BUILT_PRODUCTS_DIR)/DACNativeAdSDK-Sample-ObjectiveC.app/DACNativeAdSDK-Sample-ObjectiveC";
			};
			name = Debug;
		};
		81A061DD1D2A49E200197E8A /* Release */ = {
			isa = XCBuildConfiguration;
			buildSettings = {
				BUNDLE_LOADER = "$(TEST_HOST)";
				INFOPLIST_FILE = "DACNativeAdSDK-Sample-ObjectiveCTests/Info.plist";
				LD_RUNPATH_SEARCH_PATHS = "$(inherited) @executable_path/Frameworks @loader_path/Frameworks";
				PRODUCT_BUNDLE_IDENTIFIER = "jp.co.dac.DACNativeAdSDK-Sample-ObjectiveCTests";
				PRODUCT_NAME = "$(TARGET_NAME)";
				TEST_HOST = "$(BUILT_PRODUCTS_DIR)/DACNativeAdSDK-Sample-ObjectiveC.app/DACNativeAdSDK-Sample-ObjectiveC";
			};
			name = Release;
		};
/* End XCBuildConfiguration section */

/* Begin XCConfigurationList section */
		81A061B11D2A49E100197E8A /* Build configuration list for PBXProject "DACNativeAdSDK-Sample-ObjectiveC" */ = {
			isa = XCConfigurationList;
			buildConfigurations = (
				81A061D61D2A49E200197E8A /* Debug */,
				81A061D71D2A49E200197E8A /* Release */,
			);
			defaultConfigurationIsVisible = 0;
			defaultConfigurationName = Release;
		};
		81A061D81D2A49E200197E8A /* Build configuration list for PBXNativeTarget "DACNativeAdSDK-Sample-ObjectiveC" */ = {
			isa = XCConfigurationList;
			buildConfigurations = (
				81A061D91D2A49E200197E8A /* Debug */,
				81A061DA1D2A49E200197E8A /* Release */,
			);
			defaultConfigurationIsVisible = 0;
			defaultConfigurationName = Release;
		};
		81A061DB1D2A49E200197E8A /* Build configuration list for PBXNativeTarget "DACNativeAdSDK-Sample-ObjectiveCTests" */ = {
			isa = XCConfigurationList;
			buildConfigurations = (
				81A061DC1D2A49E200197E8A /* Debug */,
				81A061DD1D2A49E200197E8A /* Release */,
			);
			defaultConfigurationIsVisible = 0;
			defaultConfigurationName = Release;
		};
/* End XCConfigurationList section */
	};
	rootObject = 81A061AE1D2A49E100197E8A /* Project object */;
}
