// !$*UTF8*$!
{
	archiveVersion = 1;
	classes = {
	};
	objectVersion = 46;
	objects = {

/* Begin PBXBuildFile section */
		BCF2D3111BC61152004D2264 /* AppDelegate.swift in Sources */ = {isa = PBXBuildFile; fileRef = BCF2D3101BC61152004D2264 /* AppDelegate.swift */; };
		BCF2D3131BC61152004D2264 /* ViewController.swift in Sources */ = {isa = PBXBuildFile; fileRef = BCF2D3121BC61152004D2264 /* ViewController.swift */; };
		BCF2D3161BC61152004D2264 /* Main.storyboard in Resources */ = {isa = PBXBuildFile; fileRef = BCF2D3141BC61152004D2264 /* Main.storyboard */; };
		BCF2D3181BC61152004D2264 /* Assets.xcassets in Resources */ = {isa = PBXBuildFile; fileRef = BCF2D3171BC61152004D2264 /* Assets.xcassets */; };
		BCF2D31B1BC61152004D2264 /* LaunchScreen.storyboard in Resources */ = {isa = PBXBuildFile; fileRef = BCF2D3191BC61152004D2264 /* LaunchScreen.storyboard */; };
		F7C496C51E851FD300B9F1D1 /* DACSDKMAAdController.swift in Sources */ = {isa = PBXBuildFile; fileRef = F7C496BF1E851FD300B9F1D1 /* DACSDKMAAdController.swift */; };
		F7C496C61E851FD300B9F1D1 /* DACSDKMAAdControlsView.swift in Sources */ = {isa = PBXBuildFile; fileRef = F7C496C01E851FD300B9F1D1 /* DACSDKMAAdControlsView.swift */; };
		F7C496C71E851FD300B9F1D1 /* DACSDKMAAdImageGenerator.swift in Sources */ = {isa = PBXBuildFile; fileRef = F7C496C11E851FD300B9F1D1 /* DACSDKMAAdImageGenerator.swift */; };
		F7C496C81E851FD300B9F1D1 /* DACSDKMASmartVisionAdPlayer.swift in Sources */ = {isa = PBXBuildFile; fileRef = F7C496C21E851FD300B9F1D1 /* DACSDKMASmartVisionAdPlayer.swift */; };
		F7C496C91E851FD300B9F1D1 /* DACSDKMAUtils.swift in Sources */ = {isa = PBXBuildFile; fileRef = F7C496C31E851FD300B9F1D1 /* DACSDKMAUtils.swift */; };
		F7C496CA1E85219000B9F1D1 /* DACSDKMA.framework in Frameworks */ = {isa = PBXBuildFile; fileRef = F7C496BD1E851FD300B9F1D1 /* DACSDKMA.framework */; };
		F7C496CB1E85219000B9F1D1 /* DACSDKMA.framework in Embed Frameworks */ = {isa = PBXBuildFile; fileRef = F7C496BD1E851FD300B9F1D1 /* DACSDKMA.framework */; settings = {ATTRIBUTES = (CodeSignOnCopy, RemoveHeadersOnCopy, ); }; };
/* End PBXBuildFile section */

/* Begin PBXCopyFilesBuildPhase section */
		BCF2D3291BC61322004D2264 /* Embed Frameworks */ = {
			isa = PBXCopyFilesBuildPhase;
			buildActionMask = 2147483647;
			dstPath = "";
			dstSubfolderSpec = 10;
			files = (
				F7C496CB1E85219000B9F1D1 /* DACSDKMA.framework in Embed Frameworks */,
			);
			name = "Embed Frameworks";
			runOnlyForDeploymentPostprocessing = 0;
		};
/* End PBXCopyFilesBuildPhase section */

/* Begin PBXFileReference section */
		BCF2D30D1BC61152004D2264 /* DACSDKMA-SampleScrollView-Swift.app */ = {isa = PBXFileReference; explicitFileType = wrapper.application; includeInIndex = 0; path = "DACSDKMA-SampleScrollView-Swift.app"; sourceTree = BUILT_PRODUCTS_DIR; };
		BCF2D3101BC61152004D2264 /* AppDelegate.swift */ = {isa = PBXFileReference; lastKnownFileType = sourcecode.swift; path = AppDelegate.swift; sourceTree = "<group>"; };
		BCF2D3121BC61152004D2264 /* ViewController.swift */ = {isa = PBXFileReference; lastKnownFileType = sourcecode.swift; path = ViewController.swift; sourceTree = "<group>"; };
		BCF2D3151BC61152004D2264 /* Base */ = {isa = PBXFileReference; lastKnownFileType = file.storyboard; name = Base; path = Base.lproj/Main.storyboard; sourceTree = "<group>"; };
		BCF2D3171BC61152004D2264 /* Assets.xcassets */ = {isa = PBXFileReference; lastKnownFileType = folder.assetcatalog; path = Assets.xcassets; sourceTree = "<group>"; };
		BCF2D31A1BC61152004D2264 /* Base */ = {isa = PBXFileReference; lastKnownFileType = file.storyboard; name = Base; path = Base.lproj/LaunchScreen.storyboard; sourceTree = "<group>"; };
		BCF2D31C1BC61152004D2264 /* Info.plist */ = {isa = PBXFileReference; lastKnownFileType = text.plist.xml; path = Info.plist; sourceTree = "<group>"; };
		F7C496BD1E851FD300B9F1D1 /* DACSDKMA.framework */ = {isa = PBXFileReference; lastKnownFileType = wrapper.framework; path = DACSDKMA.framework; sourceTree = "<group>"; };
		F7C496BF1E851FD300B9F1D1 /* DACSDKMAAdController.swift */ = {isa = PBXFileReference; fileEncoding = 4; lastKnownFileType = sourcecode.swift; path = DACSDKMAAdController.swift; sourceTree = "<group>"; };
		F7C496C01E851FD300B9F1D1 /* DACSDKMAAdControlsView.swift */ = {isa = PBXFileReference; fileEncoding = 4; lastKnownFileType = sourcecode.swift; path = DACSDKMAAdControlsView.swift; sourceTree = "<group>"; };
		F7C496C11E851FD300B9F1D1 /* DACSDKMAAdImageGenerator.swift */ = {isa = PBXFileReference; fileEncoding = 4; lastKnownFileType = sourcecode.swift; path = DACSDKMAAdImageGenerator.swift; sourceTree = "<group>"; };
		F7C496C21E851FD300B9F1D1 /* DACSDKMASmartVisionAdPlayer.swift */ = {isa = PBXFileReference; fileEncoding = 4; lastKnownFileType = sourcecode.swift; path = DACSDKMASmartVisionAdPlayer.swift; sourceTree = "<group>"; };
		F7C496C31E851FD300B9F1D1 /* DACSDKMAUtils.swift */ = {isa = PBXFileReference; fileEncoding = 4; lastKnownFileType = sourcecode.swift; path = DACSDKMAUtils.swift; sourceTree = "<group>"; };
/* End PBXFileReference section */

/* Begin PBXFrameworksBuildPhase section */
		BCF2D30A1BC61152004D2264 /* Frameworks */ = {
			isa = PBXFrameworksBuildPhase;
			buildActionMask = 2147483647;
			files = (
				F7C496CA1E85219000B9F1D1 /* DACSDKMA.framework in Frameworks */,
			);
			runOnlyForDeploymentPostprocessing = 0;
		};
/* End PBXFrameworksBuildPhase section */

/* Begin PBXGroup section */
		BCF2D3041BC61152004D2264 = {
			isa = PBXGroup;
			children = (
				F7C496BC1E851FD300B9F1D1 /* DACSDKMA */,
				BCF2D30F1BC61152004D2264 /* DACSDKMA-SampleScrollView-Swift */,
				BCF2D30E1BC61152004D2264 /* Products */,
			);
			sourceTree = "<group>";
		};
		BCF2D30E1BC61152004D2264 /* Products */ = {
			isa = PBXGroup;
			children = (
				BCF2D30D1BC61152004D2264 /* DACSDKMA-SampleScrollView-Swift.app */,
			);
			name = Products;
			sourceTree = "<group>";
		};
		BCF2D30F1BC61152004D2264 /* DACSDKMA-SampleScrollView-Swift */ = {
			isa = PBXGroup;
			children = (
				BCF2D3101BC61152004D2264 /* AppDelegate.swift */,
				BCF2D3121BC61152004D2264 /* ViewController.swift */,
				BCF2D3141BC61152004D2264 /* Main.storyboard */,
				BCF2D3171BC61152004D2264 /* Assets.xcassets */,
				BCF2D3191BC61152004D2264 /* LaunchScreen.storyboard */,
				BCF2D31C1BC61152004D2264 /* Info.plist */,
			);
			path = "DACSDKMA-SampleScrollView-Swift";
			sourceTree = "<group>";
		};
		F7C496BC1E851FD300B9F1D1 /* DACSDKMA */ = {
			isa = PBXGroup;
			children = (
				F7C496BD1E851FD300B9F1D1 /* DACSDKMA.framework */,
				F7C496BE1E851FD300B9F1D1 /* src */,
			);
			name = DACSDKMA;
			path = "../../../#lib/DACSDKMA/universal";
			sourceTree = "<group>";
		};
		F7C496BE1E851FD300B9F1D1 /* src */ = {
			isa = PBXGroup;
			children = (
				F7C496BF1E851FD300B9F1D1 /* DACSDKMAAdController.swift */,
				F7C496C01E851FD300B9F1D1 /* DACSDKMAAdControlsView.swift */,
				F7C496C11E851FD300B9F1D1 /* DACSDKMAAdImageGenerator.swift */,
				F7C496C21E851FD300B9F1D1 /* DACSDKMASmartVisionAdPlayer.swift */,
				F7C496C31E851FD300B9F1D1 /* DACSDKMAUtils.swift */,
			);
			path = src;
			sourceTree = "<group>";
		};
/* End PBXGroup section */

/* Begin PBXNativeTarget section */
		BCF2D30C1BC61152004D2264 /* DACSDKMA-SampleScrollView-Swift */ = {
			isa = PBXNativeTarget;
			buildConfigurationList = BCF2D31F1BC61152004D2264 /* Build configuration list for PBXNativeTarget "DACSDKMA-SampleScrollView-Swift" */;
			buildPhases = (
				BCF2D3091BC61152004D2264 /* Sources */,
				BCF2D30A1BC61152004D2264 /* Frameworks */,
				BCF2D30B1BC61152004D2264 /* Resources */,
				BCF2D3291BC61322004D2264 /* Embed Frameworks */,
			);
			buildRules = (
			);
			dependencies = (
			);
			name = "DACSDKMA-SampleScrollView-Swift";
			productName = "DACSDKMA-SampleScrollView-Swift";
			productReference = BCF2D30D1BC61152004D2264 /* DACSDKMA-SampleScrollView-Swift.app */;
			productType = "com.apple.product-type.application";
		};
/* End PBXNativeTarget section */

/* Begin PBXProject section */
		BCF2D3051BC61152004D2264 /* Project object */ = {
			isa = PBXProject;
			attributes = {
				LastUpgradeCheck = 0810;
				ORGANIZATIONNAME = D.A.Consortium;
				TargetAttributes = {
					BCF2D30C1BC61152004D2264 = {
						CreatedOnToolsVersion = 7.0;
						LastSwiftMigration = 0810;
					};
				};
			};
			buildConfigurationList = BCF2D3081BC61152004D2264 /* Build configuration list for PBXProject "DACSDKMA-SampleScrollView-Swift" */;
			compatibilityVersion = "Xcode 3.2";
			developmentRegion = English;
			hasScannedForEncodings = 0;
			knownRegions = (
				en,
				Base,
			);
			mainGroup = BCF2D3041BC61152004D2264;
			productRefGroup = BCF2D30E1BC61152004D2264 /* Products */;
			projectDirPath = "";
			projectRoot = "";
			targets = (
				BCF2D30C1BC61152004D2264 /* DACSDKMA-SampleScrollView-Swift */,
			);
		};
/* End PBXProject section */

/* Begin PBXResourcesBuildPhase section */
		BCF2D30B1BC61152004D2264 /* Resources */ = {
			isa = PBXResourcesBuildPhase;
			buildActionMask = 2147483647;
			files = (
				BCF2D31B1BC61152004D2264 /* LaunchScreen.storyboard in Resources */,
				BCF2D3181BC61152004D2264 /* Assets.xcassets in Resources */,
				BCF2D3161BC61152004D2264 /* Main.storyboard in Resources */,
			);
			runOnlyForDeploymentPostprocessing = 0;
		};
/* End PBXResourcesBuildPhase section */

/* Begin PBXSourcesBuildPhase section */
		BCF2D3091BC61152004D2264 /* Sources */ = {
			isa = PBXSourcesBuildPhase;
			buildActionMask = 2147483647;
			files = (
				BCF2D3131BC61152004D2264 /* ViewController.swift in Sources */,
				F7C496C51E851FD300B9F1D1 /* DACSDKMAAdController.swift in Sources */,
				BCF2D3111BC61152004D2264 /* AppDelegate.swift in Sources */,
				F7C496C71E851FD300B9F1D1 /* DACSDKMAAdImageGenerator.swift in Sources */,
				F7C496C61E851FD300B9F1D1 /* DACSDKMAAdControlsView.swift in Sources */,
				F7C496C91E851FD300B9F1D1 /* DACSDKMAUtils.swift in Sources */,
				F7C496C81E851FD300B9F1D1 /* DACSDKMASmartVisionAdPlayer.swift in Sources */,
			);
			runOnlyForDeploymentPostprocessing = 0;
		};
/* End PBXSourcesBuildPhase section */

/* Begin PBXVariantGroup section */
		BCF2D3141BC61152004D2264 /* Main.storyboard */ = {
			isa = PBXVariantGroup;
			children = (
				BCF2D3151BC61152004D2264 /* Base */,
			);
			name = Main.storyboard;
			sourceTree = "<group>";
		};
		BCF2D3191BC61152004D2264 /* LaunchScreen.storyboard */ = {
			isa = PBXVariantGroup;
			children = (
				BCF2D31A1BC61152004D2264 /* Base */,
			);
			name = LaunchScreen.storyboard;
			sourceTree = "<group>";
		};
/* End PBXVariantGroup section */

/* Begin XCBuildConfiguration section */
		BCF2D31D1BC61152004D2264 /* Debug */ = {
			isa = XCBuildConfiguration;
			buildSettings = {
				ALWAYS_SEARCH_USER_PATHS = NO;
				CLANG_CXX_LANGUAGE_STANDARD = "gnu++0x";
				CLANG_CXX_LIBRARY = "libc++";
				CLANG_ENABLE_MODULES = YES;
				CLANG_ENABLE_OBJC_ARC = YES;
				CLANG_WARN_BOOL_CONVERSION = YES;
				CLANG_WARN_CONSTANT_CONVERSION = YES;
				CLANG_WARN_DIRECT_OBJC_ISA_USAGE = YES_ERROR;
				CLANG_WARN_EMPTY_BODY = YES;
				CLANG_WARN_ENUM_CONVERSION = YES;
				CLANG_WARN_INFINITE_RECURSION = YES;
				CLANG_WARN_INT_CONVERSION = YES;
				CLANG_WARN_OBJC_ROOT_CLASS = YES_ERROR;
				CLANG_WARN_SUSPICIOUS_MOVE = YES;
				CLANG_WARN_UNREACHABLE_CODE = YES;
				CLANG_WARN__DUPLICATE_METHOD_MATCH = YES;
				"CODE_SIGN_IDENTITY[sdk=iphoneos*]" = "iPhone Developer";
				COPY_PHASE_STRIP = NO;
				DEBUG_INFORMATION_FORMAT = dwarf;
				ENABLE_STRICT_OBJC_MSGSEND = YES;
				ENABLE_TESTABILITY = YES;
				FRAMEWORK_SEARCH_PATHS = "$(SRCROOT)/../../../#lib/DACSDKMA/universal";
				GCC_C_LANGUAGE_STANDARD = gnu99;
				GCC_DYNAMIC_NO_PIC = NO;
				GCC_NO_COMMON_BLOCKS = YES;
				GCC_OPTIMIZATION_LEVEL = 0;
				GCC_PREPROCESSOR_DEFINITIONS = (
					"DEBUG=1",
					"$(inherited)",
				);
				GCC_WARN_64_TO_32_BIT_CONVERSION = YES;
				GCC_WARN_ABOUT_RETURN_TYPE = YES_ERROR;
				GCC_WARN_UNDECLARED_SELECTOR = YES;
				GCC_WARN_UNINITIALIZED_AUTOS = YES_AGGRESSIVE;
				GCC_WARN_UNUSED_FUNCTION = YES;
				GCC_WARN_UNUSED_VARIABLE = YES;
				MTL_ENABLE_DEBUG_INFO = YES;
				ONLY_ACTIVE_ARCH = YES;
				SDKROOT = iphoneos;
				SWIFT_OPTIMIZATION_LEVEL = "-Onone";
				SWIFT_VERSION = 3.0.1;
				TARGETED_DEVICE_FAMILY = "1,2";
			};
			name = Debug;
		};
		BCF2D31E1BC61152004D2264 /* Release */ = {
			isa = XCBuildConfiguration;
			buildSettings = {
				ALWAYS_SEARCH_USER_PATHS = NO;
				CLANG_CXX_LANGUAGE_STANDARD = "gnu++0x";
				CLANG_CXX_LIBRARY = "libc++";
				CLANG_ENABLE_MODULES = YES;
				CLANG_ENABLE_OBJC_ARC = YES;
				CLANG_WARN_BOOL_CONVERSION = YES;
				CLANG_WARN_CONSTANT_CONVERSION = YES;
				CLANG_WARN_DIRECT_OBJC_ISA_USAGE = YES_ERROR;
				CLANG_WARN_EMPTY_BODY = YES;
				CLANG_WARN_ENUM_CONVERSION = YES;
				CLANG_WARN_INFINITE_RECURSION = YES;
				CLANG_WARN_INT_CONVERSION = YES;
				CLANG_WARN_OBJC_ROOT_CLASS = YES_ERROR;
				CLANG_WARN_SUSPICIOUS_MOVE = YES;
				CLANG_WARN_UNREACHABLE_CODE = YES;
				CLANG_WARN__DUPLICATE_METHOD_MATCH = YES;
				"CODE_SIGN_IDENTITY[sdk=iphoneos*]" = "iPhone Developer";
				COPY_PHASE_STRIP = NO;
				DEBUG_INFORMATION_FORMAT = "dwarf-with-dsym";
				ENABLE_NS_ASSERTIONS = NO;
				ENABLE_STRICT_OBJC_MSGSEND = YES;
				FRAMEWORK_SEARCH_PATHS = "$(SRCROOT)/../../../#lib/DACSDKMA/universal";
				GCC_C_LANGUAGE_STANDARD = gnu99;
				GCC_NO_COMMON_BLOCKS = YES;
				GCC_WARN_64_TO_32_BIT_CONVERSION = YES;
				GCC_WARN_ABOUT_RETURN_TYPE = YES_ERROR;
				GCC_WARN_UNDECLARED_SELECTOR = YES;
				GCC_WARN_UNINITIALIZED_AUTOS = YES_AGGRESSIVE;
				GCC_WARN_UNUSED_FUNCTION = YES;
				GCC_WARN_UNUSED_VARIABLE = YES;
				MTL_ENABLE_DEBUG_INFO = NO;
				SDKROOT = iphoneos;
				SWIFT_OPTIMIZATION_LEVEL = "-Owholemodule";
				SWIFT_VERSION = 3.0.1;
				TARGETED_DEVICE_FAMILY = "1,2";
				VALIDATE_PRODUCT = YES;
			};
			name = Release;
		};
		BCF2D3201BC61152004D2264 /* Debug */ = {
			isa = XCBuildConfiguration;
			buildSettings = {
				ASSETCATALOG_COMPILER_APPICON_NAME = AppIcon;
				INFOPLIST_FILE = "DACSDKMA-SampleScrollView-Swift/Info.plist";
				LD_RUNPATH_SEARCH_PATHS = "$(inherited) @executable_path/Frameworks";
				PRODUCT_BUNDLE_IDENTIFIER = "jp.co.dac.DACSDKMA-SampleScrollView-Swift";
				PRODUCT_NAME = "$(TARGET_NAME)";
			};
			name = Debug;
		};
		BCF2D3211BC61152004D2264 /* Release */ = {
			isa = XCBuildConfiguration;
			buildSettings = {
				ASSETCATALOG_COMPILER_APPICON_NAME = AppIcon;
				INFOPLIST_FILE = "DACSDKMA-SampleScrollView-Swift/Info.plist";
				LD_RUNPATH_SEARCH_PATHS = "$(inherited) @executable_path/Frameworks";
				PRODUCT_BUNDLE_IDENTIFIER = "jp.co.dac.DACSDKMA-SampleScrollView-Swift";
				PRODUCT_NAME = "$(TARGET_NAME)";
			};
			name = Release;
		};
/* End XCBuildConfiguration section */

/* Begin XCConfigurationList section */
		BCF2D3081BC61152004D2264 /* Build configuration list for PBXProject "DACSDKMA-SampleScrollView-Swift" */ = {
			isa = XCConfigurationList;
			buildConfigurations = (
				BCF2D31D1BC61152004D2264 /* Debug */,
				BCF2D31E1BC61152004D2264 /* Release */,
			);
			defaultConfigurationIsVisible = 0;
			defaultConfigurationName = Release;
		};
		BCF2D31F1BC61152004D2264 /* Build configuration list for PBXNativeTarget "DACSDKMA-SampleScrollView-Swift" */ = {
			isa = XCConfigurationList;
			buildConfigurations = (
				BCF2D3201BC61152004D2264 /* Debug */,
				BCF2D3211BC61152004D2264 /* Release */,
			);
			defaultConfigurationIsVisible = 0;
			defaultConfigurationName = Release;
		};
/* End XCConfigurationList section */
	};
	rootObject = BCF2D3051BC61152004D2264 /* Project object */;
}
